// !$*UTF8*$!
{
	archiveVersion = 1;
	classes = {
	};
	objectVersion = 46;
	objects = {

/* Begin PBXBuildFile section */
		A2DABB6F17D17947006FA620 /* UIKit.framework in Frameworks */ = {isa = PBXBuildFile; fileRef = A2DABB6E17D17947006FA620 /* UIKit.framework */; };
		A2DABB7117D17947006FA620 /* Foundation.framework in Frameworks */ = {isa = PBXBuildFile; fileRef = A2DABB7017D17947006FA620 /* Foundation.framework */; };
		A2DABB7317D17947006FA620 /* CoreGraphics.framework in Frameworks */ = {isa = PBXBuildFile; fileRef = A2DABB7217D17947006FA620 /* CoreGraphics.framework */; };
		A2DABB7917D17947006FA620 /* InfoPlist.strings in Resources */ = {isa = PBXBuildFile; fileRef = A2DABB7717D17947006FA620 /* InfoPlist.strings */; };
		A2DABB7B17D17947006FA620 /* main.m in Sources */ = {isa = PBXBuildFile; fileRef = A2DABB7A17D17947006FA620 /* main.m */; };
		A2DABB7F17D17947006FA620 /* AppDelegate.m in Sources */ = {isa = PBXBuildFile; fileRef = A2DABB7E17D17947006FA620 /* AppDelegate.m */; };
		A2DABB8117D17947006FA620 /* Default.png in Resources */ = {isa = PBXBuildFile; fileRef = A2DABB8017D17947006FA620 /* Default.png */; };
		A2DABB8317D17947006FA620 /* Default@2x.png in Resources */ = {isa = PBXBuildFile; fileRef = A2DABB8217D17947006FA620 /* Default@2x.png */; };
		A2DABB8517D17947006FA620 /* Default-568h@2x.png in Resources */ = {isa = PBXBuildFile; fileRef = A2DABB8417D17947006FA620 /* Default-568h@2x.png */; };
		A2DABB8817D17947006FA620 /* MainStoryboard.storyboard in Resources */ = {isa = PBXBuildFile; fileRef = A2DABB8617D17947006FA620 /* MainStoryboard.storyboard */; };
		A2DABB9317D179CE006FA620 /* TabelaViewController.m in Sources */ = {isa = PBXBuildFile; fileRef = A2DABB9217D179CE006FA620 /* TabelaViewController.m */; };
		A2DABB9617D179FF006FA620 /* Tela2ViewController.m in Sources */ = {isa = PBXBuildFile; fileRef = A2DABB9517D179FF006FA620 /* Tela2ViewController.m */; };
		A2DABB9817D17BC0006FA620 /* dados.json in Resources */ = {isa = PBXBuildFile; fileRef = A2DABB9717D17BC0006FA620 /* dados.json */; };
/* End PBXBuildFile section */

/* Begin PBXFileReference section */
		A2DABB6B17D17947006FA620 /* DesafioJSON.app */ = {isa = PBXFileReference; explicitFileType = wrapper.application; includeInIndex = 0; path = DesafioJSON.app; sourceTree = BUILT_PRODUCTS_DIR; };
		A2DABB6E17D17947006FA620 /* UIKit.framework */ = {isa = PBXFileReference; lastKnownFileType = wrapper.framework; name = UIKit.framework; path = System/Library/Frameworks/UIKit.framework; sourceTree = SDKROOT; };
		A2DABB7017D17947006FA620 /* Foundation.framework */ = {isa = PBXFileReference; lastKnownFileType = wrapper.framework; name = Foundation.framework; path = System/Library/Frameworks/Foundation.framework; sourceTree = SDKROOT; };
		A2DABB7217D17947006FA620 /* CoreGraphics.framework */ = {isa = PBXFileReference; lastKnownFileType = wrapper.framework; name = CoreGraphics.framework; path = System/Library/Frameworks/CoreGraphics.framework; sourceTree = SDKROOT; };
		A2DABB7617D17947006FA620 /* DesafioJSON-Info.plist */ = {isa = PBXFileReference; lastKnownFileType = text.plist.xml; path = "DesafioJSON-Info.plist"; sourceTree = "<group>"; };
		A2DABB7817D17947006FA620 /* en */ = {isa = PBXFileReference; lastKnownFileType = text.plist.strings; name = en; path = en.lproj/InfoPlist.strings; sourceTree = "<group>"; };
		A2DABB7A17D17947006FA620 /* main.m */ = {isa = PBXFileReference; lastKnownFileType = sourcecode.c.objc; path = main.m; sourceTree = "<group>"; };
		A2DABB7C17D17947006FA620 /* DesafioJSON-Prefix.pch */ = {isa = PBXFileReference; lastKnownFileType = sourcecode.c.h; path = "DesafioJSON-Prefix.pch"; sourceTree = "<group>"; };
		A2DABB7D17D17947006FA620 /* AppDelegate.h */ = {isa = PBXFileReference; lastKnownFileType = sourcecode.c.h; path = AppDelegate.h; sourceTree = "<group>"; };
		A2DABB7E17D17947006FA620 /* AppDelegate.m */ = {isa = PBXFileReference; lastKnownFileType = sourcecode.c.objc; path = AppDelegate.m; sourceTree = "<group>"; };
		A2DABB8017D17947006FA620 /* Default.png */ = {isa = PBXFileReference; lastKnownFileType = image.png; path = Default.png; sourceTree = "<group>"; };
		A2DABB8217D17947006FA620 /* Default@2x.png */ = {isa = PBXFileReference; lastKnownFileType = image.png; path = "Default@2x.png"; sourceTree = "<group>"; };
		A2DABB8417D17947006FA620 /* Default-568h@2x.png */ = {isa = PBXFileReference; lastKnownFileType = image.png; path = "Default-568h@2x.png"; sourceTree = "<group>"; };
		A2DABB8717D17947006FA620 /* en */ = {isa = PBXFileReference; lastKnownFileType = file.storyboard; name = en; path = en.lproj/MainStoryboard.storyboard; sourceTree = "<group>"; };
		A2DABB9117D179CE006FA620 /* TabelaViewController.h */ = {isa = PBXFileReference; fileEncoding = 4; lastKnownFileType = sourcecode.c.h; path = TabelaViewController.h; sourceTree = "<group>"; };
		A2DABB9217D179CE006FA620 /* TabelaViewController.m */ = {isa = PBXFileReference; fileEncoding = 4; lastKnownFileType = sourcecode.c.objc; path = TabelaViewController.m; sourceTree = "<group>"; };
		A2DABB9417D179FF006FA620 /* Tela2ViewController.h */ = {isa = PBXFileReference; fileEncoding = 4; lastKnownFileType = sourcecode.c.h; path = Tela2ViewController.h; sourceTree = "<group>"; };
		A2DABB9517D179FF006FA620 /* Tela2ViewController.m */ = {isa = PBXFileReference; fileEncoding = 4; lastKnownFileType = sourcecode.c.objc; path = Tela2ViewController.m; sourceTree = "<group>"; };
		A2DABB9717D17BC0006FA620 /* dados.json */ = {isa = PBXFileReference; fileEncoding = 4; lastKnownFileType = text.json; path = dados.json; sourceTree = "<group>"; };
/* End PBXFileReference section */

/* Begin PBXFrameworksBuildPhase section */
		A2DABB6817D17947006FA620 /* Frameworks */ = {
			isa = PBXFrameworksBuildPhase;
			buildActionMask = 2147483647;
			files = (
				A2DABB6F17D17947006FA620 /* UIKit.framework in Frameworks */,
				A2DABB7117D17947006FA620 /* Foundation.framework in Frameworks */,
				A2DABB7317D17947006FA620 /* CoreGraphics.framework in Frameworks */,
			);
			runOnlyForDeploymentPostprocessing = 0;
		};
/* End PBXFrameworksBuildPhase section */

/* Begin PBXGroup section */
		A2DABB6217D17947006FA620 = {
			isa = PBXGroup;
			children = (
				A2DABB7417D17947006FA620 /* DesafioJSON */,
				A2DABB6D17D17947006FA620 /* Frameworks */,
				A2DABB6C17D17947006FA620 /* Products */,
			);
			sourceTree = "<group>";
		};
		A2DABB6C17D17947006FA620 /* Products */ = {
			isa = PBXGroup;
			children = (
				A2DABB6B17D17947006FA620 /* DesafioJSON.app */,
			);
			name = Products;
			sourceTree = "<group>";
		};
		A2DABB6D17D17947006FA620 /* Frameworks */ = {
			isa = PBXGroup;
			children = (
				A2DABB6E17D17947006FA620 /* UIKit.framework */,
				A2DABB7017D17947006FA620 /* Foundation.framework */,
				A2DABB7217D17947006FA620 /* CoreGraphics.framework */,
			);
			name = Frameworks;
			sourceTree = "<group>";
		};
		A2DABB7417D17947006FA620 /* DesafioJSON */ = {
			isa = PBXGroup;
			children = (
				A2DABB7D17D17947006FA620 /* AppDelegate.h */,
				A2DABB7E17D17947006FA620 /* AppDelegate.m */,
				A2DABB9117D179CE006FA620 /* TabelaViewController.h */,
				A2DABB9217D179CE006FA620 /* TabelaViewController.m */,
				A2DABB8617D17947006FA620 /* MainStoryboard.storyboard */,
				A2DABB9717D17BC0006FA620 /* dados.json */,
				A2DABB9417D179FF006FA620 /* Tela2ViewController.h */,
				A2DABB9517D179FF006FA620 /* Tela2ViewController.m */,
				A2DABB7517D17947006FA620 /* Supporting Files */,
			);
			path = DesafioJSON;
			sourceTree = "<group>";
		};
		A2DABB7517D17947006FA620 /* Supporting Files */ = {
			isa = PBXGroup;
			children = (
				A2DABB7617D17947006FA620 /* DesafioJSON-Info.plist */,
				A2DABB7717D17947006FA620 /* InfoPlist.strings */,
				A2DABB7A17D17947006FA620 /* main.m */,
				A2DABB7C17D17947006FA620 /* DesafioJSON-Prefix.pch */,
				A2DABB8017D17947006FA620 /* Default.png */,
				A2DABB8217D17947006FA620 /* Default@2x.png */,
				A2DABB8417D17947006FA620 /* Default-568h@2x.png */,
			);
			name = "Supporting Files";
			sourceTree = "<group>";
		};
/* End PBXGroup section */

/* Begin PBXNativeTarget section */
		A2DABB6A17D17947006FA620 /* DesafioJSON */ = {
			isa = PBXNativeTarget;
			buildConfigurationList = A2DABB8E17D17947006FA620 /* Build configuration list for PBXNativeTarget "DesafioJSON" */;
			buildPhases = (
				A2DABB6717D17947006FA620 /* Sources */,
				A2DABB6817D17947006FA620 /* Frameworks */,
				A2DABB6917D17947006FA620 /* Resources */,
			);
			buildRules = (
			);
			dependencies = (
			);
			name = DesafioJSON;
			productName = DesafioJSON;
			productReference = A2DABB6B17D17947006FA620 /* DesafioJSON.app */;
			productType = "com.apple.product-type.application";
		};
/* End PBXNativeTarget section */

/* Begin PBXProject section */
		A2DABB6317D17947006FA620 /* Project object */ = {
			isa = PBXProject;
			attributes = {
				LastUpgradeCheck = 0460;
				ORGANIZATIONNAME = "Felipe Martins";
			};
			buildConfigurationList = A2DABB6617D17947006FA620 /* Build configuration list for PBXProject "DesafioJSON" */;
			compatibilityVersion = "Xcode 3.2";
			developmentRegion = English;
			hasScannedForEncodings = 0;
			knownRegions = (
				en,
			);
			mainGroup = A2DABB6217D17947006FA620;
			productRefGroup = A2DABB6C17D17947006FA620 /* Products */;
			projectDirPath = "";
			projectRoot = "";
			targets = (
				A2DABB6A17D17947006FA620 /* DesafioJSON */,
			);
		};
/* End PBXProject section */

/* Begin PBXResourcesBuildPhase section */
		A2DABB6917D17947006FA620 /* Resources */ = {
			isa = PBXResourcesBuildPhase;
			buildActionMask = 2147483647;
			files = (
				A2DABB7917D17947006FA620 /* InfoPlist.strings in Resources */,
				A2DABB8117D17947006FA620 /* Default.png in Resources */,
				A2DABB8317D17947006FA620 /* Default@2x.png in Resources */,
				A2DABB8517D17947006FA620 /* Default-568h@2x.png in Resources */,
				A2DABB8817D17947006FA620 /* MainStoryboard.storyboard in Resources */,
				A2DABB9817D17BC0006FA620 /* dados.json in Resources */,
			);
			runOnlyForDeploymentPostprocessing = 0;
		};
/* End PBXResourcesBuildPhase section */

/* Begin PBXSourcesBuildPhase section */
		A2DABB6717D17947006FA620 /* Sources */ = {
			isa = PBXSourcesBuildPhase;
			buildActionMask = 2147483647;
			files = (
				A2DABB7B17D17947006FA620 /* main.m in Sources */,
				A2DABB7F17D17947006FA620 /* AppDelegate.m in Sources */,
				A2DABB9317D179CE006FA620 /* TabelaViewController.m in Sources */,
				A2DABB9617D179FF006FA620 /* Tela2ViewController.m in Sources */,
			);
			runOnlyForDeploymentPostprocessing = 0;
		};
/* End PBXSourcesBuildPhase section */

/* Begin PBXVariantGroup section */
		A2DABB7717D17947006FA620 /* InfoPlist.strings */ = {
			isa = PBXVariantGroup;
			children = (
				A2DABB7817D17947006FA620 /* en */,
			);
			name = InfoPlist.strings;
			sourceTree = "<group>";
		};
		A2DABB8617D17947006FA620 /* MainStoryboard.storyboard */ = {
			isa = PBXVariantGroup;
			children = (
				A2DABB8717D17947006FA620 /* en */,
			);
			name = MainStoryboard.storyboard;
			sourceTree = "<group>";
		};
/* End PBXVariantGroup section */

/* Begin XCBuildConfiguration section */
		A2DABB8C17D17947006FA620 /* Debug */ = {
			isa = XCBuildConfiguration;
			buildSettings = {
				ALWAYS_SEARCH_USER_PATHS = NO;
				CLANG_CXX_LANGUAGE_STANDARD = "gnu++0x";
				CLANG_CXX_LIBRARY = "libc++";
				CLANG_ENABLE_OBJC_ARC = YES;
				CLANG_WARN_CONSTANT_CONVERSION = YES;
				CLANG_WARN_EMPTY_BODY = YES;
				CLANG_WARN_ENUM_CONVERSION = YES;
				CLANG_WARN_INT_CONVERSION = YES;
				CLANG_WARN__DUPLICATE_METHOD_MATCH = YES;
				"CODE_SIGN_IDENTITY[sdk=iphoneos*]" = "iPhone Developer";
				COPY_PHASE_STRIP = NO;
				GCC_C_LANGUAGE_STANDARD = gnu99;
				GCC_DYNAMIC_NO_PIC = NO;
				GCC_OPTIMIZATION_LEVEL = 0;
				GCC_PREPROCESSOR_DEFINITIONS = (
					"DEBUG=1",
					"$(inherited)",
				);
				GCC_SYMBOLS_PRIVATE_EXTERN = NO;
				GCC_WARN_ABOUT_RETURN_TYPE = YES;
				GCC_WARN_UNINITIALIZED_AUTOS = YES;
				GCC_WARN_UNUSED_VARIABLE = YES;
				IPHONEOS_DEPLOYMENT_TARGET = 6.1;
				ONLY_ACTIVE_ARCH = YES;
				SDKROOT = iphoneos;
			};
			name = Debug;
		};
		A2DABB8D17D17947006FA620 /* Release */ = {
			isa = XCBuildConfiguration;
			buildSettings = {
				ALWAYS_SEARCH_USER_PATHS = NO;
				CLANG_CXX_LANGUAGE_STANDARD = "gnu++0x";
				CLANG_CXX_LIBRARY = "libc++";
				CLANG_ENABLE_OBJC_ARC = YES;
				CLANG_WARN_CONSTANT_CONVERSION = YES;
				CLANG_WARN_EMPTY_BODY = YES;
				CLANG_WARN_ENUM_CONVERSION = YES;
				CLANG_WARN_INT_CONVERSION = YES;
				CLANG_WARN__DUPLICATE_METHOD_MATCH = YES;
				"CODE_SIGN_IDENTITY[sdk=iphoneos*]" = "iPhone Developer";
				COPY_PHASE_STRIP = YES;
				GCC_C_LANGUAGE_STANDARD = gnu99;
				GCC_WARN_ABOUT_RETURN_TYPE = YES;
				GCC_WARN_UNINITIALIZED_AUTOS = YES;
				GCC_WARN_UNUSED_VARIABLE = YES;
				IPHONEOS_DEPLOYMENT_TARGET = 6.1;
				OTHER_CFLAGS = "-DNS_BLOCK_ASSERTIONS=1";
				SDKROOT = iphoneos;
				VALIDATE_PRODUCT = YES;
			};
			name = Release;
		};
		A2DABB8F17D17947006FA620 /* Debug */ = {
			isa = XCBuildConfiguration;
			buildSettings = {
				GCC_PRECOMPILE_PREFIX_HEADER = YES;
				GCC_PREFIX_HEADER = "DesafioJSON/DesafioJSON-Prefix.pch";
				INFOPLIST_FILE = "DesafioJSON/DesafioJSON-Info.plist";
				PRODUCT_NAME = "$(TARGET_NAME)";
				WRAPPER_EXTENSION = app;
			};
			name = Debug;
		};
		A2DABB9017D17947006FA620 /* Release */ = {
			isa = XCBuildConfiguration;
			buildSettings = {
				GCC_PRECOMPILE_PREFIX_HEADER = YES;
				GCC_PREFIX_HEADER = "DesafioJSON/DesafioJSON-Prefix.pch";
				INFOPLIST_FILE = "DesafioJSON/DesafioJSON-Info.plist";
				PRODUCT_NAME = "$(TARGET_NAME)";
				WRAPPER_EXTENSION = app;
			};
			name = Release;
		};
/* End XCBuildConfiguration section */

/* Begin XCConfigurationList section */
		A2DABB6617D17947006FA620 /* Build configuration list for PBXProject "DesafioJSON" */ = {
			isa = XCConfigurationList;
			buildConfigurations = (
				A2DABB8C17D17947006FA620 /* Debug */,
				A2DABB8D17D17947006FA620 /* Release */,
			);
			defaultConfigurationIsVisible = 0;
			defaultConfigurationName = Release;
		};
		A2DABB8E17D17947006FA620 /* Build configuration list for PBXNativeTarget "DesafioJSON" */ = {
			isa = XCConfigurationList;
			buildConfigurations = (
				A2DABB8F17D17947006FA620 /* Debug */,
				A2DABB9017D17947006FA620 /* Release */,
			);
			defaultConfigurationIsVisible = 0;
		};
/* End XCConfigurationList section */
	};
	rootObject = A2DABB6317D17947006FA620 /* Project object */;
}
