// !$*UTF8*$!
{
	archiveVersion = 1;
	classes = {
	};
	objectVersion = 46;
	objects = {

/* Begin PBXBuildFile section */
		2501911E1756B484009F3ED3 /* Foundation.framework in Frameworks */ = {isa = PBXBuildFile; fileRef = 2501911D1756B484009F3ED3 /* Foundation.framework */; };
		250191211756B484009F3ED3 /* main.m in Sources */ = {isa = PBXBuildFile; fileRef = 250191201756B484009F3ED3 /* main.m */; };
		250191251756B484009F3ED3 /* aula11Desafio1.1 in CopyFiles */ = {isa = PBXBuildFile; fileRef = 250191241756B484009F3ED3 /* aula11Desafio1.1 */; };
		2501912D1756B4A5009F3ED3 /* Pessoa.m in Sources */ = {isa = PBXBuildFile; fileRef = 2501912C1756B4A5009F3ED3 /* Pessoa.m */; };
		250191301756B59F009F3ED3 /* Funcionario.m in Sources */ = {isa = PBXBuildFile; fileRef = 2501912F1756B59F009F3ED3 /* Funcionario.m */; };
/* End PBXBuildFile section */

/* Begin PBXCopyFilesBuildPhase section */
		250191181756B484009F3ED3 /* CopyFiles */ = {
			isa = PBXCopyFilesBuildPhase;
			buildActionMask = 2147483647;
			dstPath = /usr/share/man/man1/;
			dstSubfolderSpec = 0;
			files = (
				250191251756B484009F3ED3 /* aula11Desafio1.1 in CopyFiles */,
			);
			runOnlyForDeploymentPostprocessing = 1;
		};
/* End PBXCopyFilesBuildPhase section */

/* Begin PBXFileReference section */
		2501911A1756B484009F3ED3 /* aula11Desafio1 */ = {isa = PBXFileReference; explicitFileType = "compiled.mach-o.executable"; includeInIndex = 0; path = aula11Desafio1; sourceTree = BUILT_PRODUCTS_DIR; };
		2501911D1756B484009F3ED3 /* Foundation.framework */ = {isa = PBXFileReference; lastKnownFileType = wrapper.framework; name = Foundation.framework; path = System/Library/Frameworks/Foundation.framework; sourceTree = SDKROOT; };
		250191201756B484009F3ED3 /* main.m */ = {isa = PBXFileReference; lastKnownFileType = sourcecode.c.objc; path = main.m; sourceTree = "<group>"; };
		250191231756B484009F3ED3 /* aula11Desafio1-Prefix.pch */ = {isa = PBXFileReference; lastKnownFileType = sourcecode.c.h; path = "aula11Desafio1-Prefix.pch"; sourceTree = "<group>"; };
		250191241756B484009F3ED3 /* aula11Desafio1.1 */ = {isa = PBXFileReference; lastKnownFileType = text.man; path = aula11Desafio1.1; sourceTree = "<group>"; };
		2501912B1756B4A5009F3ED3 /* Pessoa.h */ = {isa = PBXFileReference; fileEncoding = 4; lastKnownFileType = sourcecode.c.h; path = Pessoa.h; sourceTree = "<group>"; };
		2501912C1756B4A5009F3ED3 /* Pessoa.m */ = {isa = PBXFileReference; fileEncoding = 4; lastKnownFileType = sourcecode.c.objc; path = Pessoa.m; sourceTree = "<group>"; };
		2501912E1756B59F009F3ED3 /* Funcionario.h */ = {isa = PBXFileReference; fileEncoding = 4; lastKnownFileType = sourcecode.c.h; path = Funcionario.h; sourceTree = "<group>"; };
		2501912F1756B59F009F3ED3 /* Funcionario.m */ = {isa = PBXFileReference; fileEncoding = 4; lastKnownFileType = sourcecode.c.objc; path = Funcionario.m; sourceTree = "<group>"; };
/* End PBXFileReference section */

/* Begin PBXFrameworksBuildPhase section */
		250191171756B484009F3ED3 /* Frameworks */ = {
			isa = PBXFrameworksBuildPhase;
			buildActionMask = 2147483647;
			files = (
				2501911E1756B484009F3ED3 /* Foundation.framework in Frameworks */,
			);
			runOnlyForDeploymentPostprocessing = 0;
		};
/* End PBXFrameworksBuildPhase section */

/* Begin PBXGroup section */
		250191111756B484009F3ED3 = {
			isa = PBXGroup;
			children = (
				2501911F1756B484009F3ED3 /* aula11Desafio1 */,
				2501911C1756B484009F3ED3 /* Frameworks */,
				2501911B1756B484009F3ED3 /* Products */,
			);
			sourceTree = "<group>";
		};
		2501911B1756B484009F3ED3 /* Products */ = {
			isa = PBXGroup;
			children = (
				2501911A1756B484009F3ED3 /* aula11Desafio1 */,
			);
			name = Products;
			sourceTree = "<group>";
		};
		2501911C1756B484009F3ED3 /* Frameworks */ = {
			isa = PBXGroup;
			children = (
				2501911D1756B484009F3ED3 /* Foundation.framework */,
			);
			name = Frameworks;
			sourceTree = "<group>";
		};
		2501911F1756B484009F3ED3 /* aula11Desafio1 */ = {
			isa = PBXGroup;
			children = (
				250191201756B484009F3ED3 /* main.m */,
				2501912B1756B4A5009F3ED3 /* Pessoa.h */,
				2501912C1756B4A5009F3ED3 /* Pessoa.m */,
				2501912E1756B59F009F3ED3 /* Funcionario.h */,
				2501912F1756B59F009F3ED3 /* Funcionario.m */,
				250191241756B484009F3ED3 /* aula11Desafio1.1 */,
				250191221756B484009F3ED3 /* Supporting Files */,
			);
			path = aula11Desafio1;
			sourceTree = "<group>";
		};
		250191221756B484009F3ED3 /* Supporting Files */ = {
			isa = PBXGroup;
			children = (
				250191231756B484009F3ED3 /* aula11Desafio1-Prefix.pch */,
			);
			name = "Supporting Files";
			sourceTree = "<group>";
		};
/* End PBXGroup section */

/* Begin PBXNativeTarget section */
		250191191756B484009F3ED3 /* aula11Desafio1 */ = {
			isa = PBXNativeTarget;
			buildConfigurationList = 250191281756B484009F3ED3 /* Build configuration list for PBXNativeTarget "aula11Desafio1" */;
			buildPhases = (
				250191161756B484009F3ED3 /* Sources */,
				250191171756B484009F3ED3 /* Frameworks */,
				250191181756B484009F3ED3 /* CopyFiles */,
			);
			buildRules = (
			);
			dependencies = (
			);
			name = aula11Desafio1;
			productName = aula11Desafio1;
			productReference = 2501911A1756B484009F3ED3 /* aula11Desafio1 */;
			productType = "com.apple.product-type.tool";
		};
/* End PBXNativeTarget section */

/* Begin PBXProject section */
		250191121756B484009F3ED3 /* Project object */ = {
			isa = PBXProject;
			attributes = {
				LastUpgradeCheck = 0460;
				ORGANIZATIONNAME = BrunoIdeguchi;
			};
			buildConfigurationList = 250191151756B484009F3ED3 /* Build configuration list for PBXProject "aula11Desafio1" */;
			compatibilityVersion = "Xcode 3.2";
			developmentRegion = English;
			hasScannedForEncodings = 0;
			knownRegions = (
				en,
			);
			mainGroup = 250191111756B484009F3ED3;
			productRefGroup = 2501911B1756B484009F3ED3 /* Products */;
			projectDirPath = "";
			projectRoot = "";
			targets = (
				250191191756B484009F3ED3 /* aula11Desafio1 */,
			);
		};
/* End PBXProject section */

/* Begin PBXSourcesBuildPhase section */
		250191161756B484009F3ED3 /* Sources */ = {
			isa = PBXSourcesBuildPhase;
			buildActionMask = 2147483647;
			files = (
				250191211756B484009F3ED3 /* main.m in Sources */,
				2501912D1756B4A5009F3ED3 /* Pessoa.m in Sources */,
				250191301756B59F009F3ED3 /* Funcionario.m in Sources */,
			);
			runOnlyForDeploymentPostprocessing = 0;
		};
/* End PBXSourcesBuildPhase section */

/* Begin XCBuildConfiguration section */
		250191261756B484009F3ED3 /* Debug */ = {
			isa = XCBuildConfiguration;
			buildSettings = {
				ALWAYS_SEARCH_USER_PATHS = NO;
				ARCHS = "$(ARCHS_STANDARD_64_BIT)";
				CLANG_CXX_LANGUAGE_STANDARD = "gnu++0x";
				CLANG_CXX_LIBRARY = "libc++";
				CLANG_WARN_CONSTANT_CONVERSION = YES;
				CLANG_WARN_EMPTY_BODY = YES;
				CLANG_WARN_ENUM_CONVERSION = YES;
				CLANG_WARN_INT_CONVERSION = YES;
				CLANG_WARN__DUPLICATE_METHOD_MATCH = YES;
				COPY_PHASE_STRIP = NO;
				GCC_C_LANGUAGE_STANDARD = gnu99;
				GCC_DYNAMIC_NO_PIC = NO;
				GCC_ENABLE_OBJC_EXCEPTIONS = YES;
				GCC_OPTIMIZATION_LEVEL = 0;
				GCC_PREPROCESSOR_DEFINITIONS = (
					"DEBUG=1",
					"$(inherited)",
				);
				GCC_SYMBOLS_PRIVATE_EXTERN = NO;
				GCC_WARN_64_TO_32_BIT_CONVERSION = YES;
				GCC_WARN_ABOUT_RETURN_TYPE = YES;
				GCC_WARN_UNINITIALIZED_AUTOS = YES;
				GCC_WARN_UNUSED_VARIABLE = YES;
				MACOSX_DEPLOYMENT_TARGET = 10.7;
				ONLY_ACTIVE_ARCH = YES;
				SDKROOT = macosx;
			};
			name = Debug;
		};
		250191271756B484009F3ED3 /* Release */ = {
			isa = XCBuildConfiguration;
			buildSettings = {
				ALWAYS_SEARCH_USER_PATHS = NO;
				ARCHS = "$(ARCHS_STANDARD_64_BIT)";
				CLANG_CXX_LANGUAGE_STANDARD = "gnu++0x";
				CLANG_CXX_LIBRARY = "libc++";
				CLANG_WARN_CONSTANT_CONVERSION = YES;
				CLANG_WARN_EMPTY_BODY = YES;
				CLANG_WARN_ENUM_CONVERSION = YES;
				CLANG_WARN_INT_CONVERSION = YES;
				CLANG_WARN__DUPLICATE_METHOD_MATCH = YES;
				COPY_PHASE_STRIP = YES;
				DEBUG_INFORMATION_FORMAT = "dwarf-with-dsym";
				GCC_C_LANGUAGE_STANDARD = gnu99;
				GCC_ENABLE_OBJC_EXCEPTIONS = YES;
				GCC_WARN_64_TO_32_BIT_CONVERSION = YES;
				GCC_WARN_ABOUT_RETURN_TYPE = YES;
				GCC_WARN_UNINITIALIZED_AUTOS = YES;
				GCC_WARN_UNUSED_VARIABLE = YES;
				MACOSX_DEPLOYMENT_TARGET = 10.7;
				SDKROOT = macosx;
			};
			name = Release;
		};
		250191291756B484009F3ED3 /* Debug */ = {
			isa = XCBuildConfiguration;
			buildSettings = {
				GCC_PRECOMPILE_PREFIX_HEADER = YES;
				GCC_PREFIX_HEADER = "aula11Desafio1/aula11Desafio1-Prefix.pch";
				PRODUCT_NAME = "$(TARGET_NAME)";
			};
			name = Debug;
		};
		2501912A1756B484009F3ED3 /* Release */ = {
			isa = XCBuildConfiguration;
			buildSettings = {
				GCC_PRECOMPILE_PREFIX_HEADER = YES;
				GCC_PREFIX_HEADER = "aula11Desafio1/aula11Desafio1-Prefix.pch";
				PRODUCT_NAME = "$(TARGET_NAME)";
			};
			name = Release;
		};
/* End XCBuildConfiguration section */

/* Begin XCConfigurationList section */
		250191151756B484009F3ED3 /* Build configuration list for PBXProject "aula11Desafio1" */ = {
			isa = XCConfigurationList;
			buildConfigurations = (
				250191261756B484009F3ED3 /* Debug */,
				250191271756B484009F3ED3 /* Release */,
			);
			defaultConfigurationIsVisible = 0;
			defaultConfigurationName = Release;
		};
		250191281756B484009F3ED3 /* Build configuration list for PBXNativeTarget "aula11Desafio1" */ = {
			isa = XCConfigurationList;
			buildConfigurations = (
				250191291756B484009F3ED3 /* Debug */,
				2501912A1756B484009F3ED3 /* Release */,
			);
			defaultConfigurationIsVisible = 0;
		};
/* End XCConfigurationList section */
	};
	rootObject = 250191121756B484009F3ED3 /* Project object */;
}
