// !$*UTF8*$!
{
	archiveVersion = 1;
	classes = {
	};
	objectVersion = 46;
	objects = {

/* Begin PBXBuildFile section */
		A2EE17B317B2FF7A00FA6559 /* UIKit.framework in Frameworks */ = {isa = PBXBuildFile; fileRef = A2EE17B217B2FF7A00FA6559 /* UIKit.framework */; };
		A2EE17B517B2FF7A00FA6559 /* Foundation.framework in Frameworks */ = {isa = PBXBuildFile; fileRef = A2EE17B417B2FF7A00FA6559 /* Foundation.framework */; };
		A2EE17B717B2FF7A00FA6559 /* CoreGraphics.framework in Frameworks */ = {isa = PBXBuildFile; fileRef = A2EE17B617B2FF7A00FA6559 /* CoreGraphics.framework */; };
		A2EE17BD17B2FF7A00FA6559 /* InfoPlist.strings in Resources */ = {isa = PBXBuildFile; fileRef = A2EE17BB17B2FF7A00FA6559 /* InfoPlist.strings */; };
		A2EE17BF17B2FF7A00FA6559 /* main.m in Sources */ = {isa = PBXBuildFile; fileRef = A2EE17BE17B2FF7A00FA6559 /* main.m */; };
		A2EE17C317B2FF7A00FA6559 /* AppDelegate.m in Sources */ = {isa = PBXBuildFile; fileRef = A2EE17C217B2FF7A00FA6559 /* AppDelegate.m */; };
		A2EE17C517B2FF7A00FA6559 /* Default.png in Resources */ = {isa = PBXBuildFile; fileRef = A2EE17C417B2FF7A00FA6559 /* Default.png */; };
		A2EE17C717B2FF7A00FA6559 /* Default@2x.png in Resources */ = {isa = PBXBuildFile; fileRef = A2EE17C617B2FF7A00FA6559 /* Default@2x.png */; };
		A2EE17C917B2FF7A00FA6559 /* Default-568h@2x.png in Resources */ = {isa = PBXBuildFile; fileRef = A2EE17C817B2FF7A00FA6559 /* Default-568h@2x.png */; };
		A2EE17CC17B2FF7A00FA6559 /* MainStoryboard.storyboard in Resources */ = {isa = PBXBuildFile; fileRef = A2EE17CA17B2FF7A00FA6559 /* MainStoryboard.storyboard */; };
		A2EE17CF17B2FF7A00FA6559 /* ViewController.m in Sources */ = {isa = PBXBuildFile; fileRef = A2EE17CE17B2FF7A00FA6559 /* ViewController.m */; };
		A2EE17D617B302F300FA6559 /* CoreMotion.framework in Frameworks */ = {isa = PBXBuildFile; fileRef = A2EE17D517B302F300FA6559 /* CoreMotion.framework */; };
/* End PBXBuildFile section */

/* Begin PBXFileReference section */
		A2EE17AF17B2FF7A00FA6559 /* CoreMotion.app */ = {isa = PBXFileReference; explicitFileType = wrapper.application; includeInIndex = 0; path = CoreMotion.app; sourceTree = BUILT_PRODUCTS_DIR; };
		A2EE17B217B2FF7A00FA6559 /* UIKit.framework */ = {isa = PBXFileReference; lastKnownFileType = wrapper.framework; name = UIKit.framework; path = System/Library/Frameworks/UIKit.framework; sourceTree = SDKROOT; };
		A2EE17B417B2FF7A00FA6559 /* Foundation.framework */ = {isa = PBXFileReference; lastKnownFileType = wrapper.framework; name = Foundation.framework; path = System/Library/Frameworks/Foundation.framework; sourceTree = SDKROOT; };
		A2EE17B617B2FF7A00FA6559 /* CoreGraphics.framework */ = {isa = PBXFileReference; lastKnownFileType = wrapper.framework; name = CoreGraphics.framework; path = System/Library/Frameworks/CoreGraphics.framework; sourceTree = SDKROOT; };
		A2EE17BA17B2FF7A00FA6559 /* CoreMotion-Info.plist */ = {isa = PBXFileReference; lastKnownFileType = text.plist.xml; path = "CoreMotion-Info.plist"; sourceTree = "<group>"; };
		A2EE17BC17B2FF7A00FA6559 /* en */ = {isa = PBXFileReference; lastKnownFileType = text.plist.strings; name = en; path = en.lproj/InfoPlist.strings; sourceTree = "<group>"; };
		A2EE17BE17B2FF7A00FA6559 /* main.m */ = {isa = PBXFileReference; lastKnownFileType = sourcecode.c.objc; path = main.m; sourceTree = "<group>"; };
		A2EE17C017B2FF7A00FA6559 /* CoreMotion-Prefix.pch */ = {isa = PBXFileReference; lastKnownFileType = sourcecode.c.h; path = "CoreMotion-Prefix.pch"; sourceTree = "<group>"; };
		A2EE17C117B2FF7A00FA6559 /* AppDelegate.h */ = {isa = PBXFileReference; lastKnownFileType = sourcecode.c.h; path = AppDelegate.h; sourceTree = "<group>"; };
		A2EE17C217B2FF7A00FA6559 /* AppDelegate.m */ = {isa = PBXFileReference; lastKnownFileType = sourcecode.c.objc; path = AppDelegate.m; sourceTree = "<group>"; };
		A2EE17C417B2FF7A00FA6559 /* Default.png */ = {isa = PBXFileReference; lastKnownFileType = image.png; path = Default.png; sourceTree = "<group>"; };
		A2EE17C617B2FF7A00FA6559 /* Default@2x.png */ = {isa = PBXFileReference; lastKnownFileType = image.png; path = "Default@2x.png"; sourceTree = "<group>"; };
		A2EE17C817B2FF7A00FA6559 /* Default-568h@2x.png */ = {isa = PBXFileReference; lastKnownFileType = image.png; path = "Default-568h@2x.png"; sourceTree = "<group>"; };
		A2EE17CB17B2FF7A00FA6559 /* en */ = {isa = PBXFileReference; lastKnownFileType = file.storyboard; name = en; path = en.lproj/MainStoryboard.storyboard; sourceTree = "<group>"; };
		A2EE17CD17B2FF7A00FA6559 /* ViewController.h */ = {isa = PBXFileReference; lastKnownFileType = sourcecode.c.h; path = ViewController.h; sourceTree = "<group>"; };
		A2EE17CE17B2FF7A00FA6559 /* ViewController.m */ = {isa = PBXFileReference; lastKnownFileType = sourcecode.c.objc; path = ViewController.m; sourceTree = "<group>"; };
		A2EE17D517B302F300FA6559 /* CoreMotion.framework */ = {isa = PBXFileReference; lastKnownFileType = wrapper.framework; name = CoreMotion.framework; path = System/Library/Frameworks/CoreMotion.framework; sourceTree = SDKROOT; };
/* End PBXFileReference section */

/* Begin PBXFrameworksBuildPhase section */
		A2EE17AC17B2FF7A00FA6559 /* Frameworks */ = {
			isa = PBXFrameworksBuildPhase;
			buildActionMask = 2147483647;
			files = (
				A2EE17D617B302F300FA6559 /* CoreMotion.framework in Frameworks */,
				A2EE17B317B2FF7A00FA6559 /* UIKit.framework in Frameworks */,
				A2EE17B517B2FF7A00FA6559 /* Foundation.framework in Frameworks */,
				A2EE17B717B2FF7A00FA6559 /* CoreGraphics.framework in Frameworks */,
			);
			runOnlyForDeploymentPostprocessing = 0;
		};
/* End PBXFrameworksBuildPhase section */

/* Begin PBXGroup section */
		A2EE17A617B2FF7A00FA6559 = {
			isa = PBXGroup;
			children = (
				A2EE17D517B302F300FA6559 /* CoreMotion.framework */,
				A2EE17B817B2FF7A00FA6559 /* CoreMotion */,
				A2EE17B117B2FF7A00FA6559 /* Frameworks */,
				A2EE17B017B2FF7A00FA6559 /* Products */,
			);
			sourceTree = "<group>";
		};
		A2EE17B017B2FF7A00FA6559 /* Products */ = {
			isa = PBXGroup;
			children = (
				A2EE17AF17B2FF7A00FA6559 /* CoreMotion.app */,
			);
			name = Products;
			sourceTree = "<group>";
		};
		A2EE17B117B2FF7A00FA6559 /* Frameworks */ = {
			isa = PBXGroup;
			children = (
				A2EE17B217B2FF7A00FA6559 /* UIKit.framework */,
				A2EE17B417B2FF7A00FA6559 /* Foundation.framework */,
				A2EE17B617B2FF7A00FA6559 /* CoreGraphics.framework */,
			);
			name = Frameworks;
			sourceTree = "<group>";
		};
		A2EE17B817B2FF7A00FA6559 /* CoreMotion */ = {
			isa = PBXGroup;
			children = (
				A2EE17C117B2FF7A00FA6559 /* AppDelegate.h */,
				A2EE17C217B2FF7A00FA6559 /* AppDelegate.m */,
				A2EE17CA17B2FF7A00FA6559 /* MainStoryboard.storyboard */,
				A2EE17CD17B2FF7A00FA6559 /* ViewController.h */,
				A2EE17CE17B2FF7A00FA6559 /* ViewController.m */,
				A2EE17B917B2FF7A00FA6559 /* Supporting Files */,
			);
			path = CoreMotion;
			sourceTree = "<group>";
		};
		A2EE17B917B2FF7A00FA6559 /* Supporting Files */ = {
			isa = PBXGroup;
			children = (
				A2EE17BA17B2FF7A00FA6559 /* CoreMotion-Info.plist */,
				A2EE17BB17B2FF7A00FA6559 /* InfoPlist.strings */,
				A2EE17BE17B2FF7A00FA6559 /* main.m */,
				A2EE17C017B2FF7A00FA6559 /* CoreMotion-Prefix.pch */,
				A2EE17C417B2FF7A00FA6559 /* Default.png */,
				A2EE17C617B2FF7A00FA6559 /* Default@2x.png */,
				A2EE17C817B2FF7A00FA6559 /* Default-568h@2x.png */,
			);
			name = "Supporting Files";
			sourceTree = "<group>";
		};
/* End PBXGroup section */

/* Begin PBXNativeTarget section */
		A2EE17AE17B2FF7A00FA6559 /* CoreMotion */ = {
			isa = PBXNativeTarget;
			buildConfigurationList = A2EE17D217B2FF7A00FA6559 /* Build configuration list for PBXNativeTarget "CoreMotion" */;
			buildPhases = (
				A2EE17AB17B2FF7A00FA6559 /* Sources */,
				A2EE17AC17B2FF7A00FA6559 /* Frameworks */,
				A2EE17AD17B2FF7A00FA6559 /* Resources */,
			);
			buildRules = (
			);
			dependencies = (
			);
			name = CoreMotion;
			productName = CoreMotion;
			productReference = A2EE17AF17B2FF7A00FA6559 /* CoreMotion.app */;
			productType = "com.apple.product-type.application";
		};
/* End PBXNativeTarget section */

/* Begin PBXProject section */
		A2EE17A717B2FF7A00FA6559 /* Project object */ = {
			isa = PBXProject;
			attributes = {
				LastUpgradeCheck = 0460;
				ORGANIZATIONNAME = "Felipe Martins";
			};
			buildConfigurationList = A2EE17AA17B2FF7A00FA6559 /* Build configuration list for PBXProject "CoreMotion" */;
			compatibilityVersion = "Xcode 3.2";
			developmentRegion = English;
			hasScannedForEncodings = 0;
			knownRegions = (
				en,
			);
			mainGroup = A2EE17A617B2FF7A00FA6559;
			productRefGroup = A2EE17B017B2FF7A00FA6559 /* Products */;
			projectDirPath = "";
			projectRoot = "";
			targets = (
				A2EE17AE17B2FF7A00FA6559 /* CoreMotion */,
			);
		};
/* End PBXProject section */

/* Begin PBXResourcesBuildPhase section */
		A2EE17AD17B2FF7A00FA6559 /* Resources */ = {
			isa = PBXResourcesBuildPhase;
			buildActionMask = 2147483647;
			files = (
				A2EE17BD17B2FF7A00FA6559 /* InfoPlist.strings in Resources */,
				A2EE17C517B2FF7A00FA6559 /* Default.png in Resources */,
				A2EE17C717B2FF7A00FA6559 /* Default@2x.png in Resources */,
				A2EE17C917B2FF7A00FA6559 /* Default-568h@2x.png in Resources */,
				A2EE17CC17B2FF7A00FA6559 /* MainStoryboard.storyboard in Resources */,
			);
			runOnlyForDeploymentPostprocessing = 0;
		};
/* End PBXResourcesBuildPhase section */

/* Begin PBXSourcesBuildPhase section */
		A2EE17AB17B2FF7A00FA6559 /* Sources */ = {
			isa = PBXSourcesBuildPhase;
			buildActionMask = 2147483647;
			files = (
				A2EE17BF17B2FF7A00FA6559 /* main.m in Sources */,
				A2EE17C317B2FF7A00FA6559 /* AppDelegate.m in Sources */,
				A2EE17CF17B2FF7A00FA6559 /* ViewController.m in Sources */,
			);
			runOnlyForDeploymentPostprocessing = 0;
		};
/* End PBXSourcesBuildPhase section */

/* Begin PBXVariantGroup section */
		A2EE17BB17B2FF7A00FA6559 /* InfoPlist.strings */ = {
			isa = PBXVariantGroup;
			children = (
				A2EE17BC17B2FF7A00FA6559 /* en */,
			);
			name = InfoPlist.strings;
			sourceTree = "<group>";
		};
		A2EE17CA17B2FF7A00FA6559 /* MainStoryboard.storyboard */ = {
			isa = PBXVariantGroup;
			children = (
				A2EE17CB17B2FF7A00FA6559 /* en */,
			);
			name = MainStoryboard.storyboard;
			sourceTree = "<group>";
		};
/* End PBXVariantGroup section */

/* Begin XCBuildConfiguration section */
		A2EE17D017B2FF7A00FA6559 /* Debug */ = {
			isa = XCBuildConfiguration;
			buildSettings = {
				ALWAYS_SEARCH_USER_PATHS = NO;
				CLANG_CXX_LANGUAGE_STANDARD = "gnu++0x";
				CLANG_CXX_LIBRARY = "libc++";
				CLANG_ENABLE_OBJC_ARC = YES;
				CLANG_WARN_CONSTANT_CONVERSION = YES;
				CLANG_WARN_EMPTY_BODY = YES;
				CLANG_WARN_ENUM_CONVERSION = YES;
				CLANG_WARN_INT_CONVERSION = YES;
				CLANG_WARN__DUPLICATE_METHOD_MATCH = YES;
				"CODE_SIGN_IDENTITY[sdk=iphoneos*]" = "iPhone Developer";
				COPY_PHASE_STRIP = NO;
				GCC_C_LANGUAGE_STANDARD = gnu99;
				GCC_DYNAMIC_NO_PIC = NO;
				GCC_OPTIMIZATION_LEVEL = 0;
				GCC_PREPROCESSOR_DEFINITIONS = (
					"DEBUG=1",
					"$(inherited)",
				);
				GCC_SYMBOLS_PRIVATE_EXTERN = NO;
				GCC_WARN_ABOUT_RETURN_TYPE = YES;
				GCC_WARN_UNINITIALIZED_AUTOS = YES;
				GCC_WARN_UNUSED_VARIABLE = YES;
				IPHONEOS_DEPLOYMENT_TARGET = 6.1;
				ONLY_ACTIVE_ARCH = YES;
				SDKROOT = iphoneos;
			};
			name = Debug;
		};
		A2EE17D117B2FF7A00FA6559 /* Release */ = {
			isa = XCBuildConfiguration;
			buildSettings = {
				ALWAYS_SEARCH_USER_PATHS = NO;
				CLANG_CXX_LANGUAGE_STANDARD = "gnu++0x";
				CLANG_CXX_LIBRARY = "libc++";
				CLANG_ENABLE_OBJC_ARC = YES;
				CLANG_WARN_CONSTANT_CONVERSION = YES;
				CLANG_WARN_EMPTY_BODY = YES;
				CLANG_WARN_ENUM_CONVERSION = YES;
				CLANG_WARN_INT_CONVERSION = YES;
				CLANG_WARN__DUPLICATE_METHOD_MATCH = YES;
				"CODE_SIGN_IDENTITY[sdk=iphoneos*]" = "iPhone Developer";
				COPY_PHASE_STRIP = YES;
				GCC_C_LANGUAGE_STANDARD = gnu99;
				GCC_WARN_ABOUT_RETURN_TYPE = YES;
				GCC_WARN_UNINITIALIZED_AUTOS = YES;
				GCC_WARN_UNUSED_VARIABLE = YES;
				IPHONEOS_DEPLOYMENT_TARGET = 6.1;
				OTHER_CFLAGS = "-DNS_BLOCK_ASSERTIONS=1";
				SDKROOT = iphoneos;
				VALIDATE_PRODUCT = YES;
			};
			name = Release;
		};
		A2EE17D317B2FF7A00FA6559 /* Debug */ = {
			isa = XCBuildConfiguration;
			buildSettings = {
				GCC_PRECOMPILE_PREFIX_HEADER = YES;
				GCC_PREFIX_HEADER = "CoreMotion/CoreMotion-Prefix.pch";
				INFOPLIST_FILE = "CoreMotion/CoreMotion-Info.plist";
				PRODUCT_NAME = "$(TARGET_NAME)";
				WRAPPER_EXTENSION = app;
			};
			name = Debug;
		};
		A2EE17D417B2FF7A00FA6559 /* Release */ = {
			isa = XCBuildConfiguration;
			buildSettings = {
				GCC_PRECOMPILE_PREFIX_HEADER = YES;
				GCC_PREFIX_HEADER = "CoreMotion/CoreMotion-Prefix.pch";
				INFOPLIST_FILE = "CoreMotion/CoreMotion-Info.plist";
				PRODUCT_NAME = "$(TARGET_NAME)";
				WRAPPER_EXTENSION = app;
			};
			name = Release;
		};
/* End XCBuildConfiguration section */

/* Begin XCConfigurationList section */
		A2EE17AA17B2FF7A00FA6559 /* Build configuration list for PBXProject "CoreMotion" */ = {
			isa = XCConfigurationList;
			buildConfigurations = (
				A2EE17D017B2FF7A00FA6559 /* Debug */,
				A2EE17D117B2FF7A00FA6559 /* Release */,
			);
			defaultConfigurationIsVisible = 0;
			defaultConfigurationName = Release;
		};
		A2EE17D217B2FF7A00FA6559 /* Build configuration list for PBXNativeTarget "CoreMotion" */ = {
			isa = XCConfigurationList;
			buildConfigurations = (
				A2EE17D317B2FF7A00FA6559 /* Debug */,
				A2EE17D417B2FF7A00FA6559 /* Release */,
			);
			defaultConfigurationIsVisible = 0;
		};
/* End XCConfigurationList section */
	};
	rootObject = A2EE17A717B2FF7A00FA6559 /* Project object */;
}
