// !$*UTF8*$!
{
	archiveVersion = 1;
	classes = {
	};
	objectVersion = 46;
	objects = {

/* Begin PBXBuildFile section */
		A2FFC46C17669AA400A83D0B /* UIKit.framework in Frameworks */ = {isa = PBXBuildFile; fileRef = A2FFC46B17669AA400A83D0B /* UIKit.framework */; };
		A2FFC46E17669AA400A83D0B /* Foundation.framework in Frameworks */ = {isa = PBXBuildFile; fileRef = A2FFC46D17669AA400A83D0B /* Foundation.framework */; };
		A2FFC47017669AA400A83D0B /* CoreGraphics.framework in Frameworks */ = {isa = PBXBuildFile; fileRef = A2FFC46F17669AA400A83D0B /* CoreGraphics.framework */; };
		A2FFC47617669AA400A83D0B /* InfoPlist.strings in Resources */ = {isa = PBXBuildFile; fileRef = A2FFC47417669AA400A83D0B /* InfoPlist.strings */; };
		A2FFC47817669AA400A83D0B /* main.m in Sources */ = {isa = PBXBuildFile; fileRef = A2FFC47717669AA400A83D0B /* main.m */; };
		A2FFC47C17669AA400A83D0B /* AppDelegate.m in Sources */ = {isa = PBXBuildFile; fileRef = A2FFC47B17669AA400A83D0B /* AppDelegate.m */; };
		A2FFC47E17669AA400A83D0B /* Default.png in Resources */ = {isa = PBXBuildFile; fileRef = A2FFC47D17669AA400A83D0B /* Default.png */; };
		A2FFC48017669AA400A83D0B /* Default@2x.png in Resources */ = {isa = PBXBuildFile; fileRef = A2FFC47F17669AA400A83D0B /* Default@2x.png */; };
		A2FFC48217669AA400A83D0B /* Default-568h@2x.png in Resources */ = {isa = PBXBuildFile; fileRef = A2FFC48117669AA400A83D0B /* Default-568h@2x.png */; };
		A2FFC48517669AA400A83D0B /* ViewController.m in Sources */ = {isa = PBXBuildFile; fileRef = A2FFC48417669AA400A83D0B /* ViewController.m */; };
		A2FFC48817669AA400A83D0B /* ViewController.xib in Resources */ = {isa = PBXBuildFile; fileRef = A2FFC48617669AA400A83D0B /* ViewController.xib */; };
/* End PBXBuildFile section */

/* Begin PBXFileReference section */
		A2FFC46817669AA400A83D0B /* DesafioFichaCadastral.app */ = {isa = PBXFileReference; explicitFileType = wrapper.application; includeInIndex = 0; path = DesafioFichaCadastral.app; sourceTree = BUILT_PRODUCTS_DIR; };
		A2FFC46B17669AA400A83D0B /* UIKit.framework */ = {isa = PBXFileReference; lastKnownFileType = wrapper.framework; name = UIKit.framework; path = System/Library/Frameworks/UIKit.framework; sourceTree = SDKROOT; };
		A2FFC46D17669AA400A83D0B /* Foundation.framework */ = {isa = PBXFileReference; lastKnownFileType = wrapper.framework; name = Foundation.framework; path = System/Library/Frameworks/Foundation.framework; sourceTree = SDKROOT; };
		A2FFC46F17669AA400A83D0B /* CoreGraphics.framework */ = {isa = PBXFileReference; lastKnownFileType = wrapper.framework; name = CoreGraphics.framework; path = System/Library/Frameworks/CoreGraphics.framework; sourceTree = SDKROOT; };
		A2FFC47317669AA400A83D0B /* DesafioFichaCadastral-Info.plist */ = {isa = PBXFileReference; lastKnownFileType = text.plist.xml; path = "DesafioFichaCadastral-Info.plist"; sourceTree = "<group>"; };
		A2FFC47517669AA400A83D0B /* en */ = {isa = PBXFileReference; lastKnownFileType = text.plist.strings; name = en; path = en.lproj/InfoPlist.strings; sourceTree = "<group>"; };
		A2FFC47717669AA400A83D0B /* main.m */ = {isa = PBXFileReference; lastKnownFileType = sourcecode.c.objc; path = main.m; sourceTree = "<group>"; };
		A2FFC47917669AA400A83D0B /* DesafioFichaCadastral-Prefix.pch */ = {isa = PBXFileReference; lastKnownFileType = sourcecode.c.h; path = "DesafioFichaCadastral-Prefix.pch"; sourceTree = "<group>"; };
		A2FFC47A17669AA400A83D0B /* AppDelegate.h */ = {isa = PBXFileReference; lastKnownFileType = sourcecode.c.h; path = AppDelegate.h; sourceTree = "<group>"; };
		A2FFC47B17669AA400A83D0B /* AppDelegate.m */ = {isa = PBXFileReference; lastKnownFileType = sourcecode.c.objc; path = AppDelegate.m; sourceTree = "<group>"; };
		A2FFC47D17669AA400A83D0B /* Default.png */ = {isa = PBXFileReference; lastKnownFileType = image.png; path = Default.png; sourceTree = "<group>"; };
		A2FFC47F17669AA400A83D0B /* Default@2x.png */ = {isa = PBXFileReference; lastKnownFileType = image.png; path = "Default@2x.png"; sourceTree = "<group>"; };
		A2FFC48117669AA400A83D0B /* Default-568h@2x.png */ = {isa = PBXFileReference; lastKnownFileType = image.png; path = "Default-568h@2x.png"; sourceTree = "<group>"; };
		A2FFC48317669AA400A83D0B /* ViewController.h */ = {isa = PBXFileReference; lastKnownFileType = sourcecode.c.h; path = ViewController.h; sourceTree = "<group>"; };
		A2FFC48417669AA400A83D0B /* ViewController.m */ = {isa = PBXFileReference; lastKnownFileType = sourcecode.c.objc; path = ViewController.m; sourceTree = "<group>"; };
		A2FFC48717669AA400A83D0B /* en */ = {isa = PBXFileReference; lastKnownFileType = file.xib; name = en; path = en.lproj/ViewController.xib; sourceTree = "<group>"; };
/* End PBXFileReference section */

/* Begin PBXFrameworksBuildPhase section */
		A2FFC46517669AA400A83D0B /* Frameworks */ = {
			isa = PBXFrameworksBuildPhase;
			buildActionMask = 2147483647;
			files = (
				A2FFC46C17669AA400A83D0B /* UIKit.framework in Frameworks */,
				A2FFC46E17669AA400A83D0B /* Foundation.framework in Frameworks */,
				A2FFC47017669AA400A83D0B /* CoreGraphics.framework in Frameworks */,
			);
			runOnlyForDeploymentPostprocessing = 0;
		};
/* End PBXFrameworksBuildPhase section */

/* Begin PBXGroup section */
		A2FFC45F17669AA400A83D0B = {
			isa = PBXGroup;
			children = (
				A2FFC47117669AA400A83D0B /* DesafioFichaCadastral */,
				A2FFC46A17669AA400A83D0B /* Frameworks */,
				A2FFC46917669AA400A83D0B /* Products */,
			);
			sourceTree = "<group>";
		};
		A2FFC46917669AA400A83D0B /* Products */ = {
			isa = PBXGroup;
			children = (
				A2FFC46817669AA400A83D0B /* DesafioFichaCadastral.app */,
			);
			name = Products;
			sourceTree = "<group>";
		};
		A2FFC46A17669AA400A83D0B /* Frameworks */ = {
			isa = PBXGroup;
			children = (
				A2FFC46B17669AA400A83D0B /* UIKit.framework */,
				A2FFC46D17669AA400A83D0B /* Foundation.framework */,
				A2FFC46F17669AA400A83D0B /* CoreGraphics.framework */,
			);
			name = Frameworks;
			sourceTree = "<group>";
		};
		A2FFC47117669AA400A83D0B /* DesafioFichaCadastral */ = {
			isa = PBXGroup;
			children = (
				A2FFC47A17669AA400A83D0B /* AppDelegate.h */,
				A2FFC47B17669AA400A83D0B /* AppDelegate.m */,
				A2FFC48317669AA400A83D0B /* ViewController.h */,
				A2FFC48417669AA400A83D0B /* ViewController.m */,
				A2FFC48617669AA400A83D0B /* ViewController.xib */,
				A2FFC47217669AA400A83D0B /* Supporting Files */,
			);
			path = DesafioFichaCadastral;
			sourceTree = "<group>";
		};
		A2FFC47217669AA400A83D0B /* Supporting Files */ = {
			isa = PBXGroup;
			children = (
				A2FFC47317669AA400A83D0B /* DesafioFichaCadastral-Info.plist */,
				A2FFC47417669AA400A83D0B /* InfoPlist.strings */,
				A2FFC47717669AA400A83D0B /* main.m */,
				A2FFC47917669AA400A83D0B /* DesafioFichaCadastral-Prefix.pch */,
				A2FFC47D17669AA400A83D0B /* Default.png */,
				A2FFC47F17669AA400A83D0B /* Default@2x.png */,
				A2FFC48117669AA400A83D0B /* Default-568h@2x.png */,
			);
			name = "Supporting Files";
			sourceTree = "<group>";
		};
/* End PBXGroup section */

/* Begin PBXNativeTarget section */
		A2FFC46717669AA400A83D0B /* DesafioFichaCadastral */ = {
			isa = PBXNativeTarget;
			buildConfigurationList = A2FFC48B17669AA400A83D0B /* Build configuration list for PBXNativeTarget "DesafioFichaCadastral" */;
			buildPhases = (
				A2FFC46417669AA400A83D0B /* Sources */,
				A2FFC46517669AA400A83D0B /* Frameworks */,
				A2FFC46617669AA400A83D0B /* Resources */,
			);
			buildRules = (
			);
			dependencies = (
			);
			name = DesafioFichaCadastral;
			productName = DesafioFichaCadastral;
			productReference = A2FFC46817669AA400A83D0B /* DesafioFichaCadastral.app */;
			productType = "com.apple.product-type.application";
		};
/* End PBXNativeTarget section */

/* Begin PBXProject section */
		A2FFC46017669AA400A83D0B /* Project object */ = {
			isa = PBXProject;
			attributes = {
				LastUpgradeCheck = 0460;
				ORGANIZATIONNAME = "Felipe Martins";
			};
			buildConfigurationList = A2FFC46317669AA400A83D0B /* Build configuration list for PBXProject "DesafioFichaCadastral" */;
			compatibilityVersion = "Xcode 3.2";
			developmentRegion = English;
			hasScannedForEncodings = 0;
			knownRegions = (
				en,
			);
			mainGroup = A2FFC45F17669AA400A83D0B;
			productRefGroup = A2FFC46917669AA400A83D0B /* Products */;
			projectDirPath = "";
			projectRoot = "";
			targets = (
				A2FFC46717669AA400A83D0B /* DesafioFichaCadastral */,
			);
		};
/* End PBXProject section */

/* Begin PBXResourcesBuildPhase section */
		A2FFC46617669AA400A83D0B /* Resources */ = {
			isa = PBXResourcesBuildPhase;
			buildActionMask = 2147483647;
			files = (
				A2FFC47617669AA400A83D0B /* InfoPlist.strings in Resources */,
				A2FFC47E17669AA400A83D0B /* Default.png in Resources */,
				A2FFC48017669AA400A83D0B /* Default@2x.png in Resources */,
				A2FFC48217669AA400A83D0B /* Default-568h@2x.png in Resources */,
				A2FFC48817669AA400A83D0B /* ViewController.xib in Resources */,
			);
			runOnlyForDeploymentPostprocessing = 0;
		};
/* End PBXResourcesBuildPhase section */

/* Begin PBXSourcesBuildPhase section */
		A2FFC46417669AA400A83D0B /* Sources */ = {
			isa = PBXSourcesBuildPhase;
			buildActionMask = 2147483647;
			files = (
				A2FFC47817669AA400A83D0B /* main.m in Sources */,
				A2FFC47C17669AA400A83D0B /* AppDelegate.m in Sources */,
				A2FFC48517669AA400A83D0B /* ViewController.m in Sources */,
			);
			runOnlyForDeploymentPostprocessing = 0;
		};
/* End PBXSourcesBuildPhase section */

/* Begin PBXVariantGroup section */
		A2FFC47417669AA400A83D0B /* InfoPlist.strings */ = {
			isa = PBXVariantGroup;
			children = (
				A2FFC47517669AA400A83D0B /* en */,
			);
			name = InfoPlist.strings;
			sourceTree = "<group>";
		};
		A2FFC48617669AA400A83D0B /* ViewController.xib */ = {
			isa = PBXVariantGroup;
			children = (
				A2FFC48717669AA400A83D0B /* en */,
			);
			name = ViewController.xib;
			sourceTree = "<group>";
		};
/* End PBXVariantGroup section */

/* Begin XCBuildConfiguration section */
		A2FFC48917669AA400A83D0B /* Debug */ = {
			isa = XCBuildConfiguration;
			buildSettings = {
				ALWAYS_SEARCH_USER_PATHS = NO;
				CLANG_CXX_LANGUAGE_STANDARD = "gnu++0x";
				CLANG_CXX_LIBRARY = "libc++";
				CLANG_WARN_CONSTANT_CONVERSION = YES;
				CLANG_WARN_EMPTY_BODY = YES;
				CLANG_WARN_ENUM_CONVERSION = YES;
				CLANG_WARN_INT_CONVERSION = YES;
				CLANG_WARN__DUPLICATE_METHOD_MATCH = YES;
				"CODE_SIGN_IDENTITY[sdk=iphoneos*]" = "iPhone Developer";
				COPY_PHASE_STRIP = NO;
				GCC_C_LANGUAGE_STANDARD = gnu99;
				GCC_DYNAMIC_NO_PIC = NO;
				GCC_OPTIMIZATION_LEVEL = 0;
				GCC_PREPROCESSOR_DEFINITIONS = (
					"DEBUG=1",
					"$(inherited)",
				);
				GCC_SYMBOLS_PRIVATE_EXTERN = NO;
				GCC_WARN_ABOUT_RETURN_TYPE = YES;
				GCC_WARN_UNINITIALIZED_AUTOS = YES;
				GCC_WARN_UNUSED_VARIABLE = YES;
				IPHONEOS_DEPLOYMENT_TARGET = 6.1;
				ONLY_ACTIVE_ARCH = YES;
				SDKROOT = iphoneos;
			};
			name = Debug;
		};
		A2FFC48A17669AA400A83D0B /* Release */ = {
			isa = XCBuildConfiguration;
			buildSettings = {
				ALWAYS_SEARCH_USER_PATHS = NO;
				CLANG_CXX_LANGUAGE_STANDARD = "gnu++0x";
				CLANG_CXX_LIBRARY = "libc++";
				CLANG_WARN_CONSTANT_CONVERSION = YES;
				CLANG_WARN_EMPTY_BODY = YES;
				CLANG_WARN_ENUM_CONVERSION = YES;
				CLANG_WARN_INT_CONVERSION = YES;
				CLANG_WARN__DUPLICATE_METHOD_MATCH = YES;
				"CODE_SIGN_IDENTITY[sdk=iphoneos*]" = "iPhone Developer";
				COPY_PHASE_STRIP = YES;
				GCC_C_LANGUAGE_STANDARD = gnu99;
				GCC_WARN_ABOUT_RETURN_TYPE = YES;
				GCC_WARN_UNINITIALIZED_AUTOS = YES;
				GCC_WARN_UNUSED_VARIABLE = YES;
				IPHONEOS_DEPLOYMENT_TARGET = 6.1;
				OTHER_CFLAGS = "-DNS_BLOCK_ASSERTIONS=1";
				SDKROOT = iphoneos;
				VALIDATE_PRODUCT = YES;
			};
			name = Release;
		};
		A2FFC48C17669AA400A83D0B /* Debug */ = {
			isa = XCBuildConfiguration;
			buildSettings = {
				GCC_PRECOMPILE_PREFIX_HEADER = YES;
				GCC_PREFIX_HEADER = "DesafioFichaCadastral/DesafioFichaCadastral-Prefix.pch";
				INFOPLIST_FILE = "DesafioFichaCadastral/DesafioFichaCadastral-Info.plist";
				PRODUCT_NAME = "$(TARGET_NAME)";
				WRAPPER_EXTENSION = app;
			};
			name = Debug;
		};
		A2FFC48D17669AA400A83D0B /* Release */ = {
			isa = XCBuildConfiguration;
			buildSettings = {
				GCC_PRECOMPILE_PREFIX_HEADER = YES;
				GCC_PREFIX_HEADER = "DesafioFichaCadastral/DesafioFichaCadastral-Prefix.pch";
				INFOPLIST_FILE = "DesafioFichaCadastral/DesafioFichaCadastral-Info.plist";
				PRODUCT_NAME = "$(TARGET_NAME)";
				WRAPPER_EXTENSION = app;
			};
			name = Release;
		};
/* End XCBuildConfiguration section */

/* Begin XCConfigurationList section */
		A2FFC46317669AA400A83D0B /* Build configuration list for PBXProject "DesafioFichaCadastral" */ = {
			isa = XCConfigurationList;
			buildConfigurations = (
				A2FFC48917669AA400A83D0B /* Debug */,
				A2FFC48A17669AA400A83D0B /* Release */,
			);
			defaultConfigurationIsVisible = 0;
			defaultConfigurationName = Release;
		};
		A2FFC48B17669AA400A83D0B /* Build configuration list for PBXNativeTarget "DesafioFichaCadastral" */ = {
			isa = XCConfigurationList;
			buildConfigurations = (
				A2FFC48C17669AA400A83D0B /* Debug */,
				A2FFC48D17669AA400A83D0B /* Release */,
			);
			defaultConfigurationIsVisible = 0;
		};
/* End XCConfigurationList section */
	};
	rootObject = A2FFC46017669AA400A83D0B /* Project object */;
}
