// !$*UTF8*$!
{
	archiveVersion = 1;
	classes = {
	};
	objectVersion = 46;
	objects = {

/* Begin PBXBuildFile section */
		25341BEC175FFD56003E803D /* UIKit.framework in Frameworks */ = {isa = PBXBuildFile; fileRef = 25341BEB175FFD56003E803D /* UIKit.framework */; };
		25341BEE175FFD56003E803D /* Foundation.framework in Frameworks */ = {isa = PBXBuildFile; fileRef = 25341BED175FFD56003E803D /* Foundation.framework */; };
		25341BF0175FFD56003E803D /* CoreGraphics.framework in Frameworks */ = {isa = PBXBuildFile; fileRef = 25341BEF175FFD56003E803D /* CoreGraphics.framework */; };
		25341BF6175FFD56003E803D /* InfoPlist.strings in Resources */ = {isa = PBXBuildFile; fileRef = 25341BF4175FFD56003E803D /* InfoPlist.strings */; };
		25341BF8175FFD56003E803D /* main.m in Sources */ = {isa = PBXBuildFile; fileRef = 25341BF7175FFD56003E803D /* main.m */; };
		25341BFC175FFD56003E803D /* AppDelegate.m in Sources */ = {isa = PBXBuildFile; fileRef = 25341BFB175FFD56003E803D /* AppDelegate.m */; };
		25341BFE175FFD56003E803D /* Default.png in Resources */ = {isa = PBXBuildFile; fileRef = 25341BFD175FFD56003E803D /* Default.png */; };
		25341C00175FFD56003E803D /* Default@2x.png in Resources */ = {isa = PBXBuildFile; fileRef = 25341BFF175FFD56003E803D /* Default@2x.png */; };
		25341C02175FFD56003E803D /* Default-568h@2x.png in Resources */ = {isa = PBXBuildFile; fileRef = 25341C01175FFD56003E803D /* Default-568h@2x.png */; };
		25341C05175FFD56003E803D /* ViewController.m in Sources */ = {isa = PBXBuildFile; fileRef = 25341C04175FFD56003E803D /* ViewController.m */; };
		25341C08175FFD56003E803D /* ViewController.xib in Resources */ = {isa = PBXBuildFile; fileRef = 25341C06175FFD56003E803D /* ViewController.xib */; };
/* End PBXBuildFile section */

/* Begin PBXFileReference section */
		25341BE8175FFD56003E803D /* UISegmentedCores.app */ = {isa = PBXFileReference; explicitFileType = wrapper.application; includeInIndex = 0; path = UISegmentedCores.app; sourceTree = BUILT_PRODUCTS_DIR; };
		25341BEB175FFD56003E803D /* UIKit.framework */ = {isa = PBXFileReference; lastKnownFileType = wrapper.framework; name = UIKit.framework; path = System/Library/Frameworks/UIKit.framework; sourceTree = SDKROOT; };
		25341BED175FFD56003E803D /* Foundation.framework */ = {isa = PBXFileReference; lastKnownFileType = wrapper.framework; name = Foundation.framework; path = System/Library/Frameworks/Foundation.framework; sourceTree = SDKROOT; };
		25341BEF175FFD56003E803D /* CoreGraphics.framework */ = {isa = PBXFileReference; lastKnownFileType = wrapper.framework; name = CoreGraphics.framework; path = System/Library/Frameworks/CoreGraphics.framework; sourceTree = SDKROOT; };
		25341BF3175FFD56003E803D /* UISegmentedCores-Info.plist */ = {isa = PBXFileReference; lastKnownFileType = text.plist.xml; path = "UISegmentedCores-Info.plist"; sourceTree = "<group>"; };
		25341BF5175FFD56003E803D /* en */ = {isa = PBXFileReference; lastKnownFileType = text.plist.strings; name = en; path = en.lproj/InfoPlist.strings; sourceTree = "<group>"; };
		25341BF7175FFD56003E803D /* main.m */ = {isa = PBXFileReference; lastKnownFileType = sourcecode.c.objc; path = main.m; sourceTree = "<group>"; };
		25341BF9175FFD56003E803D /* UISegmentedCores-Prefix.pch */ = {isa = PBXFileReference; lastKnownFileType = sourcecode.c.h; path = "UISegmentedCores-Prefix.pch"; sourceTree = "<group>"; };
		25341BFA175FFD56003E803D /* AppDelegate.h */ = {isa = PBXFileReference; lastKnownFileType = sourcecode.c.h; path = AppDelegate.h; sourceTree = "<group>"; };
		25341BFB175FFD56003E803D /* AppDelegate.m */ = {isa = PBXFileReference; lastKnownFileType = sourcecode.c.objc; path = AppDelegate.m; sourceTree = "<group>"; };
		25341BFD175FFD56003E803D /* Default.png */ = {isa = PBXFileReference; lastKnownFileType = image.png; path = Default.png; sourceTree = "<group>"; };
		25341BFF175FFD56003E803D /* Default@2x.png */ = {isa = PBXFileReference; lastKnownFileType = image.png; path = "Default@2x.png"; sourceTree = "<group>"; };
		25341C01175FFD56003E803D /* Default-568h@2x.png */ = {isa = PBXFileReference; lastKnownFileType = image.png; path = "Default-568h@2x.png"; sourceTree = "<group>"; };
		25341C03175FFD56003E803D /* ViewController.h */ = {isa = PBXFileReference; lastKnownFileType = sourcecode.c.h; path = ViewController.h; sourceTree = "<group>"; };
		25341C04175FFD56003E803D /* ViewController.m */ = {isa = PBXFileReference; lastKnownFileType = sourcecode.c.objc; path = ViewController.m; sourceTree = "<group>"; };
		25341C07175FFD56003E803D /* en */ = {isa = PBXFileReference; lastKnownFileType = file.xib; name = en; path = en.lproj/ViewController.xib; sourceTree = "<group>"; };
/* End PBXFileReference section */

/* Begin PBXFrameworksBuildPhase section */
		25341BE5175FFD56003E803D /* Frameworks */ = {
			isa = PBXFrameworksBuildPhase;
			buildActionMask = 2147483647;
			files = (
				25341BEC175FFD56003E803D /* UIKit.framework in Frameworks */,
				25341BEE175FFD56003E803D /* Foundation.framework in Frameworks */,
				25341BF0175FFD56003E803D /* CoreGraphics.framework in Frameworks */,
			);
			runOnlyForDeploymentPostprocessing = 0;
		};
/* End PBXFrameworksBuildPhase section */

/* Begin PBXGroup section */
		25341BDF175FFD56003E803D = {
			isa = PBXGroup;
			children = (
				25341BF1175FFD56003E803D /* UISegmentedCores */,
				25341BEA175FFD56003E803D /* Frameworks */,
				25341BE9175FFD56003E803D /* Products */,
			);
			sourceTree = "<group>";
		};
		25341BE9175FFD56003E803D /* Products */ = {
			isa = PBXGroup;
			children = (
				25341BE8175FFD56003E803D /* UISegmentedCores.app */,
			);
			name = Products;
			sourceTree = "<group>";
		};
		25341BEA175FFD56003E803D /* Frameworks */ = {
			isa = PBXGroup;
			children = (
				25341BEB175FFD56003E803D /* UIKit.framework */,
				25341BED175FFD56003E803D /* Foundation.framework */,
				25341BEF175FFD56003E803D /* CoreGraphics.framework */,
			);
			name = Frameworks;
			sourceTree = "<group>";
		};
		25341BF1175FFD56003E803D /* UISegmentedCores */ = {
			isa = PBXGroup;
			children = (
				25341BFA175FFD56003E803D /* AppDelegate.h */,
				25341BFB175FFD56003E803D /* AppDelegate.m */,
				25341C03175FFD56003E803D /* ViewController.h */,
				25341C04175FFD56003E803D /* ViewController.m */,
				25341C06175FFD56003E803D /* ViewController.xib */,
				25341BF2175FFD56003E803D /* Supporting Files */,
			);
			path = UISegmentedCores;
			sourceTree = "<group>";
		};
		25341BF2175FFD56003E803D /* Supporting Files */ = {
			isa = PBXGroup;
			children = (
				25341BF3175FFD56003E803D /* UISegmentedCores-Info.plist */,
				25341BF4175FFD56003E803D /* InfoPlist.strings */,
				25341BF7175FFD56003E803D /* main.m */,
				25341BF9175FFD56003E803D /* UISegmentedCores-Prefix.pch */,
				25341BFD175FFD56003E803D /* Default.png */,
				25341BFF175FFD56003E803D /* Default@2x.png */,
				25341C01175FFD56003E803D /* Default-568h@2x.png */,
			);
			name = "Supporting Files";
			sourceTree = "<group>";
		};
/* End PBXGroup section */

/* Begin PBXNativeTarget section */
		25341BE7175FFD56003E803D /* UISegmentedCores */ = {
			isa = PBXNativeTarget;
			buildConfigurationList = 25341C0B175FFD56003E803D /* Build configuration list for PBXNativeTarget "UISegmentedCores" */;
			buildPhases = (
				25341BE4175FFD56003E803D /* Sources */,
				25341BE5175FFD56003E803D /* Frameworks */,
				25341BE6175FFD56003E803D /* Resources */,
			);
			buildRules = (
			);
			dependencies = (
			);
			name = UISegmentedCores;
			productName = UISegmentedCores;
			productReference = 25341BE8175FFD56003E803D /* UISegmentedCores.app */;
			productType = "com.apple.product-type.application";
		};
/* End PBXNativeTarget section */

/* Begin PBXProject section */
		25341BE0175FFD56003E803D /* Project object */ = {
			isa = PBXProject;
			attributes = {
				LastUpgradeCheck = 0460;
				ORGANIZATIONNAME = BrunoIdeguchi;
			};
			buildConfigurationList = 25341BE3175FFD56003E803D /* Build configuration list for PBXProject "UISegmentedCores" */;
			compatibilityVersion = "Xcode 3.2";
			developmentRegion = English;
			hasScannedForEncodings = 0;
			knownRegions = (
				en,
			);
			mainGroup = 25341BDF175FFD56003E803D;
			productRefGroup = 25341BE9175FFD56003E803D /* Products */;
			projectDirPath = "";
			projectRoot = "";
			targets = (
				25341BE7175FFD56003E803D /* UISegmentedCores */,
			);
		};
/* End PBXProject section */

/* Begin PBXResourcesBuildPhase section */
		25341BE6175FFD56003E803D /* Resources */ = {
			isa = PBXResourcesBuildPhase;
			buildActionMask = 2147483647;
			files = (
				25341BF6175FFD56003E803D /* InfoPlist.strings in Resources */,
				25341BFE175FFD56003E803D /* Default.png in Resources */,
				25341C00175FFD56003E803D /* Default@2x.png in Resources */,
				25341C02175FFD56003E803D /* Default-568h@2x.png in Resources */,
				25341C08175FFD56003E803D /* ViewController.xib in Resources */,
			);
			runOnlyForDeploymentPostprocessing = 0;
		};
/* End PBXResourcesBuildPhase section */

/* Begin PBXSourcesBuildPhase section */
		25341BE4175FFD56003E803D /* Sources */ = {
			isa = PBXSourcesBuildPhase;
			buildActionMask = 2147483647;
			files = (
				25341BF8175FFD56003E803D /* main.m in Sources */,
				25341BFC175FFD56003E803D /* AppDelegate.m in Sources */,
				25341C05175FFD56003E803D /* ViewController.m in Sources */,
			);
			runOnlyForDeploymentPostprocessing = 0;
		};
/* End PBXSourcesBuildPhase section */

/* Begin PBXVariantGroup section */
		25341BF4175FFD56003E803D /* InfoPlist.strings */ = {
			isa = PBXVariantGroup;
			children = (
				25341BF5175FFD56003E803D /* en */,
			);
			name = InfoPlist.strings;
			sourceTree = "<group>";
		};
		25341C06175FFD56003E803D /* ViewController.xib */ = {
			isa = PBXVariantGroup;
			children = (
				25341C07175FFD56003E803D /* en */,
			);
			name = ViewController.xib;
			sourceTree = "<group>";
		};
/* End PBXVariantGroup section */

/* Begin XCBuildConfiguration section */
		25341C09175FFD56003E803D /* Debug */ = {
			isa = XCBuildConfiguration;
			buildSettings = {
				ALWAYS_SEARCH_USER_PATHS = NO;
				CLANG_CXX_LANGUAGE_STANDARD = "gnu++0x";
				CLANG_CXX_LIBRARY = "libc++";
				CLANG_WARN_CONSTANT_CONVERSION = YES;
				CLANG_WARN_EMPTY_BODY = YES;
				CLANG_WARN_ENUM_CONVERSION = YES;
				CLANG_WARN_INT_CONVERSION = YES;
				CLANG_WARN__DUPLICATE_METHOD_MATCH = YES;
				"CODE_SIGN_IDENTITY[sdk=iphoneos*]" = "iPhone Developer";
				COPY_PHASE_STRIP = NO;
				GCC_C_LANGUAGE_STANDARD = gnu99;
				GCC_DYNAMIC_NO_PIC = NO;
				GCC_OPTIMIZATION_LEVEL = 0;
				GCC_PREPROCESSOR_DEFINITIONS = (
					"DEBUG=1",
					"$(inherited)",
				);
				GCC_SYMBOLS_PRIVATE_EXTERN = NO;
				GCC_WARN_ABOUT_RETURN_TYPE = YES;
				GCC_WARN_UNINITIALIZED_AUTOS = YES;
				GCC_WARN_UNUSED_VARIABLE = YES;
				IPHONEOS_DEPLOYMENT_TARGET = 6.1;
				ONLY_ACTIVE_ARCH = YES;
				SDKROOT = iphoneos;
			};
			name = Debug;
		};
		25341C0A175FFD56003E803D /* Release */ = {
			isa = XCBuildConfiguration;
			buildSettings = {
				ALWAYS_SEARCH_USER_PATHS = NO;
				CLANG_CXX_LANGUAGE_STANDARD = "gnu++0x";
				CLANG_CXX_LIBRARY = "libc++";
				CLANG_WARN_CONSTANT_CONVERSION = YES;
				CLANG_WARN_EMPTY_BODY = YES;
				CLANG_WARN_ENUM_CONVERSION = YES;
				CLANG_WARN_INT_CONVERSION = YES;
				CLANG_WARN__DUPLICATE_METHOD_MATCH = YES;
				"CODE_SIGN_IDENTITY[sdk=iphoneos*]" = "iPhone Developer";
				COPY_PHASE_STRIP = YES;
				GCC_C_LANGUAGE_STANDARD = gnu99;
				GCC_WARN_ABOUT_RETURN_TYPE = YES;
				GCC_WARN_UNINITIALIZED_AUTOS = YES;
				GCC_WARN_UNUSED_VARIABLE = YES;
				IPHONEOS_DEPLOYMENT_TARGET = 6.1;
				OTHER_CFLAGS = "-DNS_BLOCK_ASSERTIONS=1";
				SDKROOT = iphoneos;
				VALIDATE_PRODUCT = YES;
			};
			name = Release;
		};
		25341C0C175FFD56003E803D /* Debug */ = {
			isa = XCBuildConfiguration;
			buildSettings = {
				GCC_PRECOMPILE_PREFIX_HEADER = YES;
				GCC_PREFIX_HEADER = "UISegmentedCores/UISegmentedCores-Prefix.pch";
				INFOPLIST_FILE = "UISegmentedCores/UISegmentedCores-Info.plist";
				PRODUCT_NAME = "$(TARGET_NAME)";
				WRAPPER_EXTENSION = app;
			};
			name = Debug;
		};
		25341C0D175FFD56003E803D /* Release */ = {
			isa = XCBuildConfiguration;
			buildSettings = {
				GCC_PRECOMPILE_PREFIX_HEADER = YES;
				GCC_PREFIX_HEADER = "UISegmentedCores/UISegmentedCores-Prefix.pch";
				INFOPLIST_FILE = "UISegmentedCores/UISegmentedCores-Info.plist";
				PRODUCT_NAME = "$(TARGET_NAME)";
				WRAPPER_EXTENSION = app;
			};
			name = Release;
		};
/* End XCBuildConfiguration section */

/* Begin XCConfigurationList section */
		25341BE3175FFD56003E803D /* Build configuration list for PBXProject "UISegmentedCores" */ = {
			isa = XCConfigurationList;
			buildConfigurations = (
				25341C09175FFD56003E803D /* Debug */,
				25341C0A175FFD56003E803D /* Release */,
			);
			defaultConfigurationIsVisible = 0;
			defaultConfigurationName = Release;
		};
		25341C0B175FFD56003E803D /* Build configuration list for PBXNativeTarget "UISegmentedCores" */ = {
			isa = XCConfigurationList;
			buildConfigurations = (
				25341C0C175FFD56003E803D /* Debug */,
				25341C0D175FFD56003E803D /* Release */,
			);
			defaultConfigurationIsVisible = 0;
		};
/* End XCConfigurationList section */
	};
	rootObject = 25341BE0175FFD56003E803D /* Project object */;
}
