// !$*UTF8*$!
{
	archiveVersion = 1;
	classes = {
	};
	objectVersion = 46;
	objects = {

/* Begin PBXBuildFile section */
		A242800C17600C7F004C7F33 /* UIKit.framework in Frameworks */ = {isa = PBXBuildFile; fileRef = A242800B17600C7F004C7F33 /* UIKit.framework */; };
		A242800E17600C7F004C7F33 /* Foundation.framework in Frameworks */ = {isa = PBXBuildFile; fileRef = A242800D17600C7F004C7F33 /* Foundation.framework */; };
		A242801017600C7F004C7F33 /* CoreGraphics.framework in Frameworks */ = {isa = PBXBuildFile; fileRef = A242800F17600C7F004C7F33 /* CoreGraphics.framework */; };
		A242801617600C7F004C7F33 /* InfoPlist.strings in Resources */ = {isa = PBXBuildFile; fileRef = A242801417600C7F004C7F33 /* InfoPlist.strings */; };
		A242801817600C7F004C7F33 /* main.m in Sources */ = {isa = PBXBuildFile; fileRef = A242801717600C7F004C7F33 /* main.m */; };
		A242801C17600C7F004C7F33 /* AppDelegate.m in Sources */ = {isa = PBXBuildFile; fileRef = A242801B17600C7F004C7F33 /* AppDelegate.m */; };
		A242801E17600C7F004C7F33 /* Default.png in Resources */ = {isa = PBXBuildFile; fileRef = A242801D17600C7F004C7F33 /* Default.png */; };
		A242802017600C7F004C7F33 /* Default@2x.png in Resources */ = {isa = PBXBuildFile; fileRef = A242801F17600C7F004C7F33 /* Default@2x.png */; };
		A242802217600C7F004C7F33 /* Default-568h@2x.png in Resources */ = {isa = PBXBuildFile; fileRef = A242802117600C7F004C7F33 /* Default-568h@2x.png */; };
		A242802517600C7F004C7F33 /* ViewController.m in Sources */ = {isa = PBXBuildFile; fileRef = A242802417600C7F004C7F33 /* ViewController.m */; };
		A242802817600C7F004C7F33 /* ViewController.xib in Resources */ = {isa = PBXBuildFile; fileRef = A242802617600C7F004C7F33 /* ViewController.xib */; };
/* End PBXBuildFile section */

/* Begin PBXFileReference section */
		A242800817600C7F004C7F33 /* DesafioTabuadaSegmented.app */ = {isa = PBXFileReference; explicitFileType = wrapper.application; includeInIndex = 0; path = DesafioTabuadaSegmented.app; sourceTree = BUILT_PRODUCTS_DIR; };
		A242800B17600C7F004C7F33 /* UIKit.framework */ = {isa = PBXFileReference; lastKnownFileType = wrapper.framework; name = UIKit.framework; path = System/Library/Frameworks/UIKit.framework; sourceTree = SDKROOT; };
		A242800D17600C7F004C7F33 /* Foundation.framework */ = {isa = PBXFileReference; lastKnownFileType = wrapper.framework; name = Foundation.framework; path = System/Library/Frameworks/Foundation.framework; sourceTree = SDKROOT; };
		A242800F17600C7F004C7F33 /* CoreGraphics.framework */ = {isa = PBXFileReference; lastKnownFileType = wrapper.framework; name = CoreGraphics.framework; path = System/Library/Frameworks/CoreGraphics.framework; sourceTree = SDKROOT; };
		A242801317600C7F004C7F33 /* DesafioTabuadaSegmented-Info.plist */ = {isa = PBXFileReference; lastKnownFileType = text.plist.xml; path = "DesafioTabuadaSegmented-Info.plist"; sourceTree = "<group>"; };
		A242801517600C7F004C7F33 /* en */ = {isa = PBXFileReference; lastKnownFileType = text.plist.strings; name = en; path = en.lproj/InfoPlist.strings; sourceTree = "<group>"; };
		A242801717600C7F004C7F33 /* main.m */ = {isa = PBXFileReference; lastKnownFileType = sourcecode.c.objc; path = main.m; sourceTree = "<group>"; };
		A242801917600C7F004C7F33 /* DesafioTabuadaSegmented-Prefix.pch */ = {isa = PBXFileReference; lastKnownFileType = sourcecode.c.h; path = "DesafioTabuadaSegmented-Prefix.pch"; sourceTree = "<group>"; };
		A242801A17600C7F004C7F33 /* AppDelegate.h */ = {isa = PBXFileReference; lastKnownFileType = sourcecode.c.h; path = AppDelegate.h; sourceTree = "<group>"; };
		A242801B17600C7F004C7F33 /* AppDelegate.m */ = {isa = PBXFileReference; lastKnownFileType = sourcecode.c.objc; path = AppDelegate.m; sourceTree = "<group>"; };
		A242801D17600C7F004C7F33 /* Default.png */ = {isa = PBXFileReference; lastKnownFileType = image.png; path = Default.png; sourceTree = "<group>"; };
		A242801F17600C7F004C7F33 /* Default@2x.png */ = {isa = PBXFileReference; lastKnownFileType = image.png; path = "Default@2x.png"; sourceTree = "<group>"; };
		A242802117600C7F004C7F33 /* Default-568h@2x.png */ = {isa = PBXFileReference; lastKnownFileType = image.png; path = "Default-568h@2x.png"; sourceTree = "<group>"; };
		A242802317600C7F004C7F33 /* ViewController.h */ = {isa = PBXFileReference; lastKnownFileType = sourcecode.c.h; path = ViewController.h; sourceTree = "<group>"; };
		A242802417600C7F004C7F33 /* ViewController.m */ = {isa = PBXFileReference; lastKnownFileType = sourcecode.c.objc; path = ViewController.m; sourceTree = "<group>"; };
		A242802717600C7F004C7F33 /* en */ = {isa = PBXFileReference; lastKnownFileType = file.xib; name = en; path = en.lproj/ViewController.xib; sourceTree = "<group>"; };
/* End PBXFileReference section */

/* Begin PBXFrameworksBuildPhase section */
		A242800517600C7F004C7F33 /* Frameworks */ = {
			isa = PBXFrameworksBuildPhase;
			buildActionMask = 2147483647;
			files = (
				A242800C17600C7F004C7F33 /* UIKit.framework in Frameworks */,
				A242800E17600C7F004C7F33 /* Foundation.framework in Frameworks */,
				A242801017600C7F004C7F33 /* CoreGraphics.framework in Frameworks */,
			);
			runOnlyForDeploymentPostprocessing = 0;
		};
/* End PBXFrameworksBuildPhase section */

/* Begin PBXGroup section */
		A2427FFF17600C7F004C7F33 = {
			isa = PBXGroup;
			children = (
				A242801117600C7F004C7F33 /* DesafioTabuadaSegmented */,
				A242800A17600C7F004C7F33 /* Frameworks */,
				A242800917600C7F004C7F33 /* Products */,
			);
			sourceTree = "<group>";
		};
		A242800917600C7F004C7F33 /* Products */ = {
			isa = PBXGroup;
			children = (
				A242800817600C7F004C7F33 /* DesafioTabuadaSegmented.app */,
			);
			name = Products;
			sourceTree = "<group>";
		};
		A242800A17600C7F004C7F33 /* Frameworks */ = {
			isa = PBXGroup;
			children = (
				A242800B17600C7F004C7F33 /* UIKit.framework */,
				A242800D17600C7F004C7F33 /* Foundation.framework */,
				A242800F17600C7F004C7F33 /* CoreGraphics.framework */,
			);
			name = Frameworks;
			sourceTree = "<group>";
		};
		A242801117600C7F004C7F33 /* DesafioTabuadaSegmented */ = {
			isa = PBXGroup;
			children = (
				A242801A17600C7F004C7F33 /* AppDelegate.h */,
				A242801B17600C7F004C7F33 /* AppDelegate.m */,
				A242802317600C7F004C7F33 /* ViewController.h */,
				A242802417600C7F004C7F33 /* ViewController.m */,
				A242802617600C7F004C7F33 /* ViewController.xib */,
				A242801217600C7F004C7F33 /* Supporting Files */,
			);
			path = DesafioTabuadaSegmented;
			sourceTree = "<group>";
		};
		A242801217600C7F004C7F33 /* Supporting Files */ = {
			isa = PBXGroup;
			children = (
				A242801317600C7F004C7F33 /* DesafioTabuadaSegmented-Info.plist */,
				A242801417600C7F004C7F33 /* InfoPlist.strings */,
				A242801717600C7F004C7F33 /* main.m */,
				A242801917600C7F004C7F33 /* DesafioTabuadaSegmented-Prefix.pch */,
				A242801D17600C7F004C7F33 /* Default.png */,
				A242801F17600C7F004C7F33 /* Default@2x.png */,
				A242802117600C7F004C7F33 /* Default-568h@2x.png */,
			);
			name = "Supporting Files";
			sourceTree = "<group>";
		};
/* End PBXGroup section */

/* Begin PBXNativeTarget section */
		A242800717600C7F004C7F33 /* DesafioTabuadaSegmented */ = {
			isa = PBXNativeTarget;
			buildConfigurationList = A242802B17600C7F004C7F33 /* Build configuration list for PBXNativeTarget "DesafioTabuadaSegmented" */;
			buildPhases = (
				A242800417600C7F004C7F33 /* Sources */,
				A242800517600C7F004C7F33 /* Frameworks */,
				A242800617600C7F004C7F33 /* Resources */,
			);
			buildRules = (
			);
			dependencies = (
			);
			name = DesafioTabuadaSegmented;
			productName = DesafioTabuadaSegmented;
			productReference = A242800817600C7F004C7F33 /* DesafioTabuadaSegmented.app */;
			productType = "com.apple.product-type.application";
		};
/* End PBXNativeTarget section */

/* Begin PBXProject section */
		A242800017600C7F004C7F33 /* Project object */ = {
			isa = PBXProject;
			attributes = {
				LastUpgradeCheck = 0460;
				ORGANIZATIONNAME = "Felipe Martins";
			};
			buildConfigurationList = A242800317600C7F004C7F33 /* Build configuration list for PBXProject "DesafioTabuadaSegmented" */;
			compatibilityVersion = "Xcode 3.2";
			developmentRegion = English;
			hasScannedForEncodings = 0;
			knownRegions = (
				en,
			);
			mainGroup = A2427FFF17600C7F004C7F33;
			productRefGroup = A242800917600C7F004C7F33 /* Products */;
			projectDirPath = "";
			projectRoot = "";
			targets = (
				A242800717600C7F004C7F33 /* DesafioTabuadaSegmented */,
			);
		};
/* End PBXProject section */

/* Begin PBXResourcesBuildPhase section */
		A242800617600C7F004C7F33 /* Resources */ = {
			isa = PBXResourcesBuildPhase;
			buildActionMask = 2147483647;
			files = (
				A242801617600C7F004C7F33 /* InfoPlist.strings in Resources */,
				A242801E17600C7F004C7F33 /* Default.png in Resources */,
				A242802017600C7F004C7F33 /* Default@2x.png in Resources */,
				A242802217600C7F004C7F33 /* Default-568h@2x.png in Resources */,
				A242802817600C7F004C7F33 /* ViewController.xib in Resources */,
			);
			runOnlyForDeploymentPostprocessing = 0;
		};
/* End PBXResourcesBuildPhase section */

/* Begin PBXSourcesBuildPhase section */
		A242800417600C7F004C7F33 /* Sources */ = {
			isa = PBXSourcesBuildPhase;
			buildActionMask = 2147483647;
			files = (
				A242801817600C7F004C7F33 /* main.m in Sources */,
				A242801C17600C7F004C7F33 /* AppDelegate.m in Sources */,
				A242802517600C7F004C7F33 /* ViewController.m in Sources */,
			);
			runOnlyForDeploymentPostprocessing = 0;
		};
/* End PBXSourcesBuildPhase section */

/* Begin PBXVariantGroup section */
		A242801417600C7F004C7F33 /* InfoPlist.strings */ = {
			isa = PBXVariantGroup;
			children = (
				A242801517600C7F004C7F33 /* en */,
			);
			name = InfoPlist.strings;
			sourceTree = "<group>";
		};
		A242802617600C7F004C7F33 /* ViewController.xib */ = {
			isa = PBXVariantGroup;
			children = (
				A242802717600C7F004C7F33 /* en */,
			);
			name = ViewController.xib;
			sourceTree = "<group>";
		};
/* End PBXVariantGroup section */

/* Begin XCBuildConfiguration section */
		A242802917600C7F004C7F33 /* Debug */ = {
			isa = XCBuildConfiguration;
			buildSettings = {
				ALWAYS_SEARCH_USER_PATHS = NO;
				CLANG_CXX_LANGUAGE_STANDARD = "gnu++0x";
				CLANG_CXX_LIBRARY = "libc++";
				CLANG_WARN_CONSTANT_CONVERSION = YES;
				CLANG_WARN_EMPTY_BODY = YES;
				CLANG_WARN_ENUM_CONVERSION = YES;
				CLANG_WARN_INT_CONVERSION = YES;
				CLANG_WARN__DUPLICATE_METHOD_MATCH = YES;
				"CODE_SIGN_IDENTITY[sdk=iphoneos*]" = "iPhone Developer";
				COPY_PHASE_STRIP = NO;
				GCC_C_LANGUAGE_STANDARD = gnu99;
				GCC_DYNAMIC_NO_PIC = NO;
				GCC_OPTIMIZATION_LEVEL = 0;
				GCC_PREPROCESSOR_DEFINITIONS = (
					"DEBUG=1",
					"$(inherited)",
				);
				GCC_SYMBOLS_PRIVATE_EXTERN = NO;
				GCC_WARN_ABOUT_RETURN_TYPE = YES;
				GCC_WARN_UNINITIALIZED_AUTOS = YES;
				GCC_WARN_UNUSED_VARIABLE = YES;
				IPHONEOS_DEPLOYMENT_TARGET = 6.1;
				ONLY_ACTIVE_ARCH = YES;
				SDKROOT = iphoneos;
			};
			name = Debug;
		};
		A242802A17600C7F004C7F33 /* Release */ = {
			isa = XCBuildConfiguration;
			buildSettings = {
				ALWAYS_SEARCH_USER_PATHS = NO;
				CLANG_CXX_LANGUAGE_STANDARD = "gnu++0x";
				CLANG_CXX_LIBRARY = "libc++";
				CLANG_WARN_CONSTANT_CONVERSION = YES;
				CLANG_WARN_EMPTY_BODY = YES;
				CLANG_WARN_ENUM_CONVERSION = YES;
				CLANG_WARN_INT_CONVERSION = YES;
				CLANG_WARN__DUPLICATE_METHOD_MATCH = YES;
				"CODE_SIGN_IDENTITY[sdk=iphoneos*]" = "iPhone Developer";
				COPY_PHASE_STRIP = YES;
				GCC_C_LANGUAGE_STANDARD = gnu99;
				GCC_WARN_ABOUT_RETURN_TYPE = YES;
				GCC_WARN_UNINITIALIZED_AUTOS = YES;
				GCC_WARN_UNUSED_VARIABLE = YES;
				IPHONEOS_DEPLOYMENT_TARGET = 6.1;
				OTHER_CFLAGS = "-DNS_BLOCK_ASSERTIONS=1";
				SDKROOT = iphoneos;
				VALIDATE_PRODUCT = YES;
			};
			name = Release;
		};
		A242802C17600C7F004C7F33 /* Debug */ = {
			isa = XCBuildConfiguration;
			buildSettings = {
				GCC_PRECOMPILE_PREFIX_HEADER = YES;
				GCC_PREFIX_HEADER = "DesafioTabuadaSegmented/DesafioTabuadaSegmented-Prefix.pch";
				INFOPLIST_FILE = "DesafioTabuadaSegmented/DesafioTabuadaSegmented-Info.plist";
				PRODUCT_NAME = "$(TARGET_NAME)";
				WRAPPER_EXTENSION = app;
			};
			name = Debug;
		};
		A242802D17600C7F004C7F33 /* Release */ = {
			isa = XCBuildConfiguration;
			buildSettings = {
				GCC_PRECOMPILE_PREFIX_HEADER = YES;
				GCC_PREFIX_HEADER = "DesafioTabuadaSegmented/DesafioTabuadaSegmented-Prefix.pch";
				INFOPLIST_FILE = "DesafioTabuadaSegmented/DesafioTabuadaSegmented-Info.plist";
				PRODUCT_NAME = "$(TARGET_NAME)";
				WRAPPER_EXTENSION = app;
			};
			name = Release;
		};
/* End XCBuildConfiguration section */

/* Begin XCConfigurationList section */
		A242800317600C7F004C7F33 /* Build configuration list for PBXProject "DesafioTabuadaSegmented" */ = {
			isa = XCConfigurationList;
			buildConfigurations = (
				A242802917600C7F004C7F33 /* Debug */,
				A242802A17600C7F004C7F33 /* Release */,
			);
			defaultConfigurationIsVisible = 0;
			defaultConfigurationName = Release;
		};
		A242802B17600C7F004C7F33 /* Build configuration list for PBXNativeTarget "DesafioTabuadaSegmented" */ = {
			isa = XCConfigurationList;
			buildConfigurations = (
				A242802C17600C7F004C7F33 /* Debug */,
				A242802D17600C7F004C7F33 /* Release */,
			);
			defaultConfigurationIsVisible = 0;
		};
/* End XCConfigurationList section */
	};
	rootObject = A242800017600C7F004C7F33 /* Project object */;
}
