// !$*UTF8*$!
{
	archiveVersion = 1;
	classes = {
	};
	objectVersion = 46;
	objects = {

/* Begin PBXBuildFile section */
		A25F777B1741C38D00A679F5 /* main.c in Sources */ = {isa = PBXBuildFile; fileRef = A25F777A1741C38D00A679F5 /* main.c */; };
		A25F777D1741C38D00A679F5 /* SwitchCase.1 in CopyFiles */ = {isa = PBXBuildFile; fileRef = A25F777C1741C38D00A679F5 /* SwitchCase.1 */; };
/* End PBXBuildFile section */

/* Begin PBXCopyFilesBuildPhase section */
		A25F77751741C38D00A679F5 /* CopyFiles */ = {
			isa = PBXCopyFilesBuildPhase;
			buildActionMask = 2147483647;
			dstPath = /usr/share/man/man1/;
			dstSubfolderSpec = 0;
			files = (
				A25F777D1741C38D00A679F5 /* SwitchCase.1 in CopyFiles */,
			);
			runOnlyForDeploymentPostprocessing = 1;
		};
/* End PBXCopyFilesBuildPhase section */

/* Begin PBXFileReference section */
		A25F77771741C38D00A679F5 /* SwitchCase */ = {isa = PBXFileReference; explicitFileType = "compiled.mach-o.executable"; includeInIndex = 0; path = SwitchCase; sourceTree = BUILT_PRODUCTS_DIR; };
		A25F777A1741C38D00A679F5 /* main.c */ = {isa = PBXFileReference; lastKnownFileType = sourcecode.c.c; path = main.c; sourceTree = "<group>"; };
		A25F777C1741C38D00A679F5 /* SwitchCase.1 */ = {isa = PBXFileReference; lastKnownFileType = text.man; path = SwitchCase.1; sourceTree = "<group>"; };
/* End PBXFileReference section */

/* Begin PBXFrameworksBuildPhase section */
		A25F77741741C38D00A679F5 /* Frameworks */ = {
			isa = PBXFrameworksBuildPhase;
			buildActionMask = 2147483647;
			files = (
			);
			runOnlyForDeploymentPostprocessing = 0;
		};
/* End PBXFrameworksBuildPhase section */

/* Begin PBXGroup section */
		A25F776E1741C38D00A679F5 = {
			isa = PBXGroup;
			children = (
				A25F77791741C38D00A679F5 /* SwitchCase */,
				A25F77781741C38D00A679F5 /* Products */,
			);
			sourceTree = "<group>";
		};
		A25F77781741C38D00A679F5 /* Products */ = {
			isa = PBXGroup;
			children = (
				A25F77771741C38D00A679F5 /* SwitchCase */,
			);
			name = Products;
			sourceTree = "<group>";
		};
		A25F77791741C38D00A679F5 /* SwitchCase */ = {
			isa = PBXGroup;
			children = (
				A25F777A1741C38D00A679F5 /* main.c */,
				A25F777C1741C38D00A679F5 /* SwitchCase.1 */,
			);
			path = SwitchCase;
			sourceTree = "<group>";
		};
/* End PBXGroup section */

/* Begin PBXNativeTarget section */
		A25F77761741C38D00A679F5 /* SwitchCase */ = {
			isa = PBXNativeTarget;
			buildConfigurationList = A25F77801741C38D00A679F5 /* Build configuration list for PBXNativeTarget "SwitchCase" */;
			buildPhases = (
				A25F77731741C38D00A679F5 /* Sources */,
				A25F77741741C38D00A679F5 /* Frameworks */,
				A25F77751741C38D00A679F5 /* CopyFiles */,
			);
			buildRules = (
			);
			dependencies = (
			);
			name = SwitchCase;
			productName = SwitchCase;
			productReference = A25F77771741C38D00A679F5 /* SwitchCase */;
			productType = "com.apple.product-type.tool";
		};
/* End PBXNativeTarget section */

/* Begin PBXProject section */
		A25F776F1741C38D00A679F5 /* Project object */ = {
			isa = PBXProject;
			attributes = {
				LastUpgradeCheck = 0460;
				ORGANIZATIONNAME = "Felipe Martins";
			};
			buildConfigurationList = A25F77721741C38D00A679F5 /* Build configuration list for PBXProject "SwitchCase" */;
			compatibilityVersion = "Xcode 3.2";
			developmentRegion = English;
			hasScannedForEncodings = 0;
			knownRegions = (
				en,
			);
			mainGroup = A25F776E1741C38D00A679F5;
			productRefGroup = A25F77781741C38D00A679F5 /* Products */;
			projectDirPath = "";
			projectRoot = "";
			targets = (
				A25F77761741C38D00A679F5 /* SwitchCase */,
			);
		};
/* End PBXProject section */

/* Begin PBXSourcesBuildPhase section */
		A25F77731741C38D00A679F5 /* Sources */ = {
			isa = PBXSourcesBuildPhase;
			buildActionMask = 2147483647;
			files = (
				A25F777B1741C38D00A679F5 /* main.c in Sources */,
			);
			runOnlyForDeploymentPostprocessing = 0;
		};
/* End PBXSourcesBuildPhase section */

/* Begin XCBuildConfiguration section */
		A25F777E1741C38D00A679F5 /* Debug */ = {
			isa = XCBuildConfiguration;
			buildSettings = {
				ALWAYS_SEARCH_USER_PATHS = NO;
				ARCHS = "$(ARCHS_STANDARD_64_BIT)";
				CLANG_CXX_LANGUAGE_STANDARD = "gnu++0x";
				CLANG_CXX_LIBRARY = "libc++";
				CLANG_WARN_CONSTANT_CONVERSION = YES;
				CLANG_WARN_EMPTY_BODY = YES;
				CLANG_WARN_ENUM_CONVERSION = YES;
				CLANG_WARN_INT_CONVERSION = YES;
				CLANG_WARN__DUPLICATE_METHOD_MATCH = YES;
				COPY_PHASE_STRIP = NO;
				GCC_C_LANGUAGE_STANDARD = gnu99;
				GCC_DYNAMIC_NO_PIC = NO;
				GCC_ENABLE_OBJC_EXCEPTIONS = YES;
				GCC_OPTIMIZATION_LEVEL = 0;
				GCC_PREPROCESSOR_DEFINITIONS = (
					"DEBUG=1",
					"$(inherited)",
				);
				GCC_SYMBOLS_PRIVATE_EXTERN = NO;
				GCC_WARN_64_TO_32_BIT_CONVERSION = YES;
				GCC_WARN_ABOUT_RETURN_TYPE = YES;
				GCC_WARN_UNINITIALIZED_AUTOS = YES;
				GCC_WARN_UNUSED_VARIABLE = YES;
				MACOSX_DEPLOYMENT_TARGET = 10.7;
				ONLY_ACTIVE_ARCH = YES;
				SDKROOT = macosx;
			};
			name = Debug;
		};
		A25F777F1741C38D00A679F5 /* Release */ = {
			isa = XCBuildConfiguration;
			buildSettings = {
				ALWAYS_SEARCH_USER_PATHS = NO;
				ARCHS = "$(ARCHS_STANDARD_64_BIT)";
				CLANG_CXX_LANGUAGE_STANDARD = "gnu++0x";
				CLANG_CXX_LIBRARY = "libc++";
				CLANG_WARN_CONSTANT_CONVERSION = YES;
				CLANG_WARN_EMPTY_BODY = YES;
				CLANG_WARN_ENUM_CONVERSION = YES;
				CLANG_WARN_INT_CONVERSION = YES;
				CLANG_WARN__DUPLICATE_METHOD_MATCH = YES;
				COPY_PHASE_STRIP = YES;
				DEBUG_INFORMATION_FORMAT = "dwarf-with-dsym";
				GCC_C_LANGUAGE_STANDARD = gnu99;
				GCC_ENABLE_OBJC_EXCEPTIONS = YES;
				GCC_WARN_64_TO_32_BIT_CONVERSION = YES;
				GCC_WARN_ABOUT_RETURN_TYPE = YES;
				GCC_WARN_UNINITIALIZED_AUTOS = YES;
				GCC_WARN_UNUSED_VARIABLE = YES;
				MACOSX_DEPLOYMENT_TARGET = 10.7;
				SDKROOT = macosx;
			};
			name = Release;
		};
		A25F77811741C38D00A679F5 /* Debug */ = {
			isa = XCBuildConfiguration;
			buildSettings = {
				PRODUCT_NAME = "$(TARGET_NAME)";
			};
			name = Debug;
		};
		A25F77821741C38D00A679F5 /* Release */ = {
			isa = XCBuildConfiguration;
			buildSettings = {
				PRODUCT_NAME = "$(TARGET_NAME)";
			};
			name = Release;
		};
/* End XCBuildConfiguration section */

/* Begin XCConfigurationList section */
		A25F77721741C38D00A679F5 /* Build configuration list for PBXProject "SwitchCase" */ = {
			isa = XCConfigurationList;
			buildConfigurations = (
				A25F777E1741C38D00A679F5 /* Debug */,
				A25F777F1741C38D00A679F5 /* Release */,
			);
			defaultConfigurationIsVisible = 0;
			defaultConfigurationName = Release;
		};
		A25F77801741C38D00A679F5 /* Build configuration list for PBXNativeTarget "SwitchCase" */ = {
			isa = XCConfigurationList;
			buildConfigurations = (
				A25F77811741C38D00A679F5 /* Debug */,
				A25F77821741C38D00A679F5 /* Release */,
			);
			defaultConfigurationIsVisible = 0;
		};
/* End XCConfigurationList section */
	};
	rootObject = A25F776F1741C38D00A679F5 /* Project object */;
}
