// !$*UTF8*$!
{
	archiveVersion = 1;
	classes = {
	};
	objectVersion = 46;
	objects = {

/* Begin PBXBuildFile section */
		25E8A8FF1772904A0025E258 /* UIKit.framework in Frameworks */ = {isa = PBXBuildFile; fileRef = 25E8A8FE1772904A0025E258 /* UIKit.framework */; };
		25E8A9011772904A0025E258 /* Foundation.framework in Frameworks */ = {isa = PBXBuildFile; fileRef = 25E8A9001772904A0025E258 /* Foundation.framework */; };
		25E8A9031772904A0025E258 /* CoreGraphics.framework in Frameworks */ = {isa = PBXBuildFile; fileRef = 25E8A9021772904A0025E258 /* CoreGraphics.framework */; };
		25E8A9091772904A0025E258 /* InfoPlist.strings in Resources */ = {isa = PBXBuildFile; fileRef = 25E8A9071772904A0025E258 /* InfoPlist.strings */; };
		25E8A90B1772904A0025E258 /* main.m in Sources */ = {isa = PBXBuildFile; fileRef = 25E8A90A1772904A0025E258 /* main.m */; };
		25E8A90F1772904A0025E258 /* AppDelegate.m in Sources */ = {isa = PBXBuildFile; fileRef = 25E8A90E1772904A0025E258 /* AppDelegate.m */; };
		25E8A9111772904A0025E258 /* Default.png in Resources */ = {isa = PBXBuildFile; fileRef = 25E8A9101772904A0025E258 /* Default.png */; };
		25E8A9131772904A0025E258 /* Default@2x.png in Resources */ = {isa = PBXBuildFile; fileRef = 25E8A9121772904A0025E258 /* Default@2x.png */; };
		25E8A9151772904A0025E258 /* Default-568h@2x.png in Resources */ = {isa = PBXBuildFile; fileRef = 25E8A9141772904A0025E258 /* Default-568h@2x.png */; };
		25E8A9181772904A0025E258 /* ViewController.m in Sources */ = {isa = PBXBuildFile; fileRef = 25E8A9171772904A0025E258 /* ViewController.m */; };
		25E8A91B1772904A0025E258 /* ViewController.xib in Resources */ = {isa = PBXBuildFile; fileRef = 25E8A9191772904A0025E258 /* ViewController.xib */; };
		25E8A94A177291B80025E258 /* imagem_0.png in Resources */ = {isa = PBXBuildFile; fileRef = 25E8A922177291B80025E258 /* imagem_0.png */; };
		25E8A94B177291B80025E258 /* imagem_1.png in Resources */ = {isa = PBXBuildFile; fileRef = 25E8A923177291B80025E258 /* imagem_1.png */; };
		25E8A94C177291B80025E258 /* imagem_10.png in Resources */ = {isa = PBXBuildFile; fileRef = 25E8A924177291B80025E258 /* imagem_10.png */; };
		25E8A94D177291B80025E258 /* imagem_11.png in Resources */ = {isa = PBXBuildFile; fileRef = 25E8A925177291B80025E258 /* imagem_11.png */; };
		25E8A94E177291B80025E258 /* imagem_12.png in Resources */ = {isa = PBXBuildFile; fileRef = 25E8A926177291B80025E258 /* imagem_12.png */; };
		25E8A94F177291B80025E258 /* imagem_13.png in Resources */ = {isa = PBXBuildFile; fileRef = 25E8A927177291B80025E258 /* imagem_13.png */; };
		25E8A950177291B80025E258 /* imagem_14.png in Resources */ = {isa = PBXBuildFile; fileRef = 25E8A928177291B80025E258 /* imagem_14.png */; };
		25E8A951177291B80025E258 /* imagem_15.png in Resources */ = {isa = PBXBuildFile; fileRef = 25E8A929177291B80025E258 /* imagem_15.png */; };
		25E8A952177291B80025E258 /* imagem_16.png in Resources */ = {isa = PBXBuildFile; fileRef = 25E8A92A177291B80025E258 /* imagem_16.png */; };
		25E8A953177291B80025E258 /* imagem_17.png in Resources */ = {isa = PBXBuildFile; fileRef = 25E8A92B177291B80025E258 /* imagem_17.png */; };
		25E8A954177291B80025E258 /* imagem_18.png in Resources */ = {isa = PBXBuildFile; fileRef = 25E8A92C177291B80025E258 /* imagem_18.png */; };
		25E8A955177291B80025E258 /* imagem_19.png in Resources */ = {isa = PBXBuildFile; fileRef = 25E8A92D177291B80025E258 /* imagem_19.png */; };
		25E8A956177291B80025E258 /* imagem_2.png in Resources */ = {isa = PBXBuildFile; fileRef = 25E8A92E177291B80025E258 /* imagem_2.png */; };
		25E8A957177291B80025E258 /* imagem_20.png in Resources */ = {isa = PBXBuildFile; fileRef = 25E8A92F177291B80025E258 /* imagem_20.png */; };
		25E8A958177291B80025E258 /* imagem_21.png in Resources */ = {isa = PBXBuildFile; fileRef = 25E8A930177291B80025E258 /* imagem_21.png */; };
		25E8A959177291B80025E258 /* imagem_22.png in Resources */ = {isa = PBXBuildFile; fileRef = 25E8A931177291B80025E258 /* imagem_22.png */; };
		25E8A95A177291B80025E258 /* imagem_23.png in Resources */ = {isa = PBXBuildFile; fileRef = 25E8A932177291B80025E258 /* imagem_23.png */; };
		25E8A95B177291B80025E258 /* imagem_24.png in Resources */ = {isa = PBXBuildFile; fileRef = 25E8A933177291B80025E258 /* imagem_24.png */; };
		25E8A95C177291B80025E258 /* imagem_25.png in Resources */ = {isa = PBXBuildFile; fileRef = 25E8A934177291B80025E258 /* imagem_25.png */; };
		25E8A95D177291B80025E258 /* imagem_26.png in Resources */ = {isa = PBXBuildFile; fileRef = 25E8A935177291B80025E258 /* imagem_26.png */; };
		25E8A95E177291B80025E258 /* imagem_27.png in Resources */ = {isa = PBXBuildFile; fileRef = 25E8A936177291B80025E258 /* imagem_27.png */; };
		25E8A95F177291B80025E258 /* imagem_28.png in Resources */ = {isa = PBXBuildFile; fileRef = 25E8A937177291B80025E258 /* imagem_28.png */; };
		25E8A960177291B80025E258 /* imagem_29.png in Resources */ = {isa = PBXBuildFile; fileRef = 25E8A938177291B80025E258 /* imagem_29.png */; };
		25E8A961177291B80025E258 /* imagem_3.png in Resources */ = {isa = PBXBuildFile; fileRef = 25E8A939177291B80025E258 /* imagem_3.png */; };
		25E8A962177291B80025E258 /* imagem_30.png in Resources */ = {isa = PBXBuildFile; fileRef = 25E8A93A177291B80025E258 /* imagem_30.png */; };
		25E8A963177291B80025E258 /* imagem_31.png in Resources */ = {isa = PBXBuildFile; fileRef = 25E8A93B177291B80025E258 /* imagem_31.png */; };
		25E8A964177291B80025E258 /* imagem_32.png in Resources */ = {isa = PBXBuildFile; fileRef = 25E8A93C177291B80025E258 /* imagem_32.png */; };
		25E8A965177291B80025E258 /* imagem_33.png in Resources */ = {isa = PBXBuildFile; fileRef = 25E8A93D177291B80025E258 /* imagem_33.png */; };
		25E8A966177291B80025E258 /* imagem_34.png in Resources */ = {isa = PBXBuildFile; fileRef = 25E8A93E177291B80025E258 /* imagem_34.png */; };
		25E8A967177291B80025E258 /* imagem_35.png in Resources */ = {isa = PBXBuildFile; fileRef = 25E8A93F177291B80025E258 /* imagem_35.png */; };
		25E8A968177291B80025E258 /* imagem_36.png in Resources */ = {isa = PBXBuildFile; fileRef = 25E8A940177291B80025E258 /* imagem_36.png */; };
		25E8A969177291B80025E258 /* imagem_37.png in Resources */ = {isa = PBXBuildFile; fileRef = 25E8A941177291B80025E258 /* imagem_37.png */; };
		25E8A96A177291B80025E258 /* imagem_38.png in Resources */ = {isa = PBXBuildFile; fileRef = 25E8A942177291B80025E258 /* imagem_38.png */; };
		25E8A96B177291B80025E258 /* imagem_39.png in Resources */ = {isa = PBXBuildFile; fileRef = 25E8A943177291B80025E258 /* imagem_39.png */; };
		25E8A96C177291B80025E258 /* imagem_4.png in Resources */ = {isa = PBXBuildFile; fileRef = 25E8A944177291B80025E258 /* imagem_4.png */; };
		25E8A96D177291B80025E258 /* imagem_5.png in Resources */ = {isa = PBXBuildFile; fileRef = 25E8A945177291B80025E258 /* imagem_5.png */; };
		25E8A96E177291B80025E258 /* imagem_6.png in Resources */ = {isa = PBXBuildFile; fileRef = 25E8A946177291B80025E258 /* imagem_6.png */; };
		25E8A96F177291B80025E258 /* imagem_7.png in Resources */ = {isa = PBXBuildFile; fileRef = 25E8A947177291B80025E258 /* imagem_7.png */; };
		25E8A970177291B80025E258 /* imagem_8.png in Resources */ = {isa = PBXBuildFile; fileRef = 25E8A948177291B80025E258 /* imagem_8.png */; };
		25E8A971177291B80025E258 /* imagem_9.png in Resources */ = {isa = PBXBuildFile; fileRef = 25E8A949177291B80025E258 /* imagem_9.png */; };
/* End PBXBuildFile section */

/* Begin PBXFileReference section */
		25E8A8FB1772904A0025E258 /* imageViewAnimada.app */ = {isa = PBXFileReference; explicitFileType = wrapper.application; includeInIndex = 0; path = imageViewAnimada.app; sourceTree = BUILT_PRODUCTS_DIR; };
		25E8A8FE1772904A0025E258 /* UIKit.framework */ = {isa = PBXFileReference; lastKnownFileType = wrapper.framework; name = UIKit.framework; path = System/Library/Frameworks/UIKit.framework; sourceTree = SDKROOT; };
		25E8A9001772904A0025E258 /* Foundation.framework */ = {isa = PBXFileReference; lastKnownFileType = wrapper.framework; name = Foundation.framework; path = System/Library/Frameworks/Foundation.framework; sourceTree = SDKROOT; };
		25E8A9021772904A0025E258 /* CoreGraphics.framework */ = {isa = PBXFileReference; lastKnownFileType = wrapper.framework; name = CoreGraphics.framework; path = System/Library/Frameworks/CoreGraphics.framework; sourceTree = SDKROOT; };
		25E8A9061772904A0025E258 /* imageViewAnimada-Info.plist */ = {isa = PBXFileReference; lastKnownFileType = text.plist.xml; path = "imageViewAnimada-Info.plist"; sourceTree = "<group>"; };
		25E8A9081772904A0025E258 /* en */ = {isa = PBXFileReference; lastKnownFileType = text.plist.strings; name = en; path = en.lproj/InfoPlist.strings; sourceTree = "<group>"; };
		25E8A90A1772904A0025E258 /* main.m */ = {isa = PBXFileReference; lastKnownFileType = sourcecode.c.objc; path = main.m; sourceTree = "<group>"; };
		25E8A90C1772904A0025E258 /* imageViewAnimada-Prefix.pch */ = {isa = PBXFileReference; lastKnownFileType = sourcecode.c.h; path = "imageViewAnimada-Prefix.pch"; sourceTree = "<group>"; };
		25E8A90D1772904A0025E258 /* AppDelegate.h */ = {isa = PBXFileReference; lastKnownFileType = sourcecode.c.h; path = AppDelegate.h; sourceTree = "<group>"; };
		25E8A90E1772904A0025E258 /* AppDelegate.m */ = {isa = PBXFileReference; lastKnownFileType = sourcecode.c.objc; path = AppDelegate.m; sourceTree = "<group>"; };
		25E8A9101772904A0025E258 /* Default.png */ = {isa = PBXFileReference; lastKnownFileType = image.png; path = Default.png; sourceTree = "<group>"; };
		25E8A9121772904A0025E258 /* Default@2x.png */ = {isa = PBXFileReference; lastKnownFileType = image.png; path = "Default@2x.png"; sourceTree = "<group>"; };
		25E8A9141772904A0025E258 /* Default-568h@2x.png */ = {isa = PBXFileReference; lastKnownFileType = image.png; path = "Default-568h@2x.png"; sourceTree = "<group>"; };
		25E8A9161772904A0025E258 /* ViewController.h */ = {isa = PBXFileReference; lastKnownFileType = sourcecode.c.h; path = ViewController.h; sourceTree = "<group>"; };
		25E8A9171772904A0025E258 /* ViewController.m */ = {isa = PBXFileReference; lastKnownFileType = sourcecode.c.objc; path = ViewController.m; sourceTree = "<group>"; };
		25E8A91A1772904A0025E258 /* en */ = {isa = PBXFileReference; lastKnownFileType = file.xib; name = en; path = en.lproj/ViewController.xib; sourceTree = "<group>"; };
		25E8A922177291B80025E258 /* imagem_0.png */ = {isa = PBXFileReference; lastKnownFileType = image.png; path = imagem_0.png; sourceTree = "<group>"; };
		25E8A923177291B80025E258 /* imagem_1.png */ = {isa = PBXFileReference; lastKnownFileType = image.png; path = imagem_1.png; sourceTree = "<group>"; };
		25E8A924177291B80025E258 /* imagem_10.png */ = {isa = PBXFileReference; lastKnownFileType = image.png; path = imagem_10.png; sourceTree = "<group>"; };
		25E8A925177291B80025E258 /* imagem_11.png */ = {isa = PBXFileReference; lastKnownFileType = image.png; path = imagem_11.png; sourceTree = "<group>"; };
		25E8A926177291B80025E258 /* imagem_12.png */ = {isa = PBXFileReference; lastKnownFileType = image.png; path = imagem_12.png; sourceTree = "<group>"; };
		25E8A927177291B80025E258 /* imagem_13.png */ = {isa = PBXFileReference; lastKnownFileType = image.png; path = imagem_13.png; sourceTree = "<group>"; };
		25E8A928177291B80025E258 /* imagem_14.png */ = {isa = PBXFileReference; lastKnownFileType = image.png; path = imagem_14.png; sourceTree = "<group>"; };
		25E8A929177291B80025E258 /* imagem_15.png */ = {isa = PBXFileReference; lastKnownFileType = image.png; path = imagem_15.png; sourceTree = "<group>"; };
		25E8A92A177291B80025E258 /* imagem_16.png */ = {isa = PBXFileReference; lastKnownFileType = image.png; path = imagem_16.png; sourceTree = "<group>"; };
		25E8A92B177291B80025E258 /* imagem_17.png */ = {isa = PBXFileReference; lastKnownFileType = image.png; path = imagem_17.png; sourceTree = "<group>"; };
		25E8A92C177291B80025E258 /* imagem_18.png */ = {isa = PBXFileReference; lastKnownFileType = image.png; path = imagem_18.png; sourceTree = "<group>"; };
		25E8A92D177291B80025E258 /* imagem_19.png */ = {isa = PBXFileReference; lastKnownFileType = image.png; path = imagem_19.png; sourceTree = "<group>"; };
		25E8A92E177291B80025E258 /* imagem_2.png */ = {isa = PBXFileReference; lastKnownFileType = image.png; path = imagem_2.png; sourceTree = "<group>"; };
		25E8A92F177291B80025E258 /* imagem_20.png */ = {isa = PBXFileReference; lastKnownFileType = image.png; path = imagem_20.png; sourceTree = "<group>"; };
		25E8A930177291B80025E258 /* imagem_21.png */ = {isa = PBXFileReference; lastKnownFileType = image.png; path = imagem_21.png; sourceTree = "<group>"; };
		25E8A931177291B80025E258 /* imagem_22.png */ = {isa = PBXFileReference; lastKnownFileType = image.png; path = imagem_22.png; sourceTree = "<group>"; };
		25E8A932177291B80025E258 /* imagem_23.png */ = {isa = PBXFileReference; lastKnownFileType = image.png; path = imagem_23.png; sourceTree = "<group>"; };
		25E8A933177291B80025E258 /* imagem_24.png */ = {isa = PBXFileReference; lastKnownFileType = image.png; path = imagem_24.png; sourceTree = "<group>"; };
		25E8A934177291B80025E258 /* imagem_25.png */ = {isa = PBXFileReference; lastKnownFileType = image.png; path = imagem_25.png; sourceTree = "<group>"; };
		25E8A935177291B80025E258 /* imagem_26.png */ = {isa = PBXFileReference; lastKnownFileType = image.png; path = imagem_26.png; sourceTree = "<group>"; };
		25E8A936177291B80025E258 /* imagem_27.png */ = {isa = PBXFileReference; lastKnownFileType = image.png; path = imagem_27.png; sourceTree = "<group>"; };
		25E8A937177291B80025E258 /* imagem_28.png */ = {isa = PBXFileReference; lastKnownFileType = image.png; path = imagem_28.png; sourceTree = "<group>"; };
		25E8A938177291B80025E258 /* imagem_29.png */ = {isa = PBXFileReference; lastKnownFileType = image.png; path = imagem_29.png; sourceTree = "<group>"; };
		25E8A939177291B80025E258 /* imagem_3.png */ = {isa = PBXFileReference; lastKnownFileType = image.png; path = imagem_3.png; sourceTree = "<group>"; };
		25E8A93A177291B80025E258 /* imagem_30.png */ = {isa = PBXFileReference; lastKnownFileType = image.png; path = imagem_30.png; sourceTree = "<group>"; };
		25E8A93B177291B80025E258 /* imagem_31.png */ = {isa = PBXFileReference; lastKnownFileType = image.png; path = imagem_31.png; sourceTree = "<group>"; };
		25E8A93C177291B80025E258 /* imagem_32.png */ = {isa = PBXFileReference; lastKnownFileType = image.png; path = imagem_32.png; sourceTree = "<group>"; };
		25E8A93D177291B80025E258 /* imagem_33.png */ = {isa = PBXFileReference; lastKnownFileType = image.png; path = imagem_33.png; sourceTree = "<group>"; };
		25E8A93E177291B80025E258 /* imagem_34.png */ = {isa = PBXFileReference; lastKnownFileType = image.png; path = imagem_34.png; sourceTree = "<group>"; };
		25E8A93F177291B80025E258 /* imagem_35.png */ = {isa = PBXFileReference; lastKnownFileType = image.png; path = imagem_35.png; sourceTree = "<group>"; };
		25E8A940177291B80025E258 /* imagem_36.png */ = {isa = PBXFileReference; lastKnownFileType = image.png; path = imagem_36.png; sourceTree = "<group>"; };
		25E8A941177291B80025E258 /* imagem_37.png */ = {isa = PBXFileReference; lastKnownFileType = image.png; path = imagem_37.png; sourceTree = "<group>"; };
		25E8A942177291B80025E258 /* imagem_38.png */ = {isa = PBXFileReference; lastKnownFileType = image.png; path = imagem_38.png; sourceTree = "<group>"; };
		25E8A943177291B80025E258 /* imagem_39.png */ = {isa = PBXFileReference; lastKnownFileType = image.png; path = imagem_39.png; sourceTree = "<group>"; };
		25E8A944177291B80025E258 /* imagem_4.png */ = {isa = PBXFileReference; lastKnownFileType = image.png; path = imagem_4.png; sourceTree = "<group>"; };
		25E8A945177291B80025E258 /* imagem_5.png */ = {isa = PBXFileReference; lastKnownFileType = image.png; path = imagem_5.png; sourceTree = "<group>"; };
		25E8A946177291B80025E258 /* imagem_6.png */ = {isa = PBXFileReference; lastKnownFileType = image.png; path = imagem_6.png; sourceTree = "<group>"; };
		25E8A947177291B80025E258 /* imagem_7.png */ = {isa = PBXFileReference; lastKnownFileType = image.png; path = imagem_7.png; sourceTree = "<group>"; };
		25E8A948177291B80025E258 /* imagem_8.png */ = {isa = PBXFileReference; lastKnownFileType = image.png; path = imagem_8.png; sourceTree = "<group>"; };
		25E8A949177291B80025E258 /* imagem_9.png */ = {isa = PBXFileReference; lastKnownFileType = image.png; path = imagem_9.png; sourceTree = "<group>"; };
/* End PBXFileReference section */

/* Begin PBXFrameworksBuildPhase section */
		25E8A8F81772904A0025E258 /* Frameworks */ = {
			isa = PBXFrameworksBuildPhase;
			buildActionMask = 2147483647;
			files = (
				25E8A8FF1772904A0025E258 /* UIKit.framework in Frameworks */,
				25E8A9011772904A0025E258 /* Foundation.framework in Frameworks */,
				25E8A9031772904A0025E258 /* CoreGraphics.framework in Frameworks */,
			);
			runOnlyForDeploymentPostprocessing = 0;
		};
/* End PBXFrameworksBuildPhase section */

/* Begin PBXGroup section */
		25E8A8F21772904A0025E258 = {
			isa = PBXGroup;
			children = (
				25E8A9041772904A0025E258 /* imageViewAnimada */,
				25E8A8FD1772904A0025E258 /* Frameworks */,
				25E8A8FC1772904A0025E258 /* Products */,
			);
			sourceTree = "<group>";
		};
		25E8A8FC1772904A0025E258 /* Products */ = {
			isa = PBXGroup;
			children = (
				25E8A8FB1772904A0025E258 /* imageViewAnimada.app */,
			);
			name = Products;
			sourceTree = "<group>";
		};
		25E8A8FD1772904A0025E258 /* Frameworks */ = {
			isa = PBXGroup;
			children = (
				25E8A8FE1772904A0025E258 /* UIKit.framework */,
				25E8A9001772904A0025E258 /* Foundation.framework */,
				25E8A9021772904A0025E258 /* CoreGraphics.framework */,
			);
			name = Frameworks;
			sourceTree = "<group>";
		};
		25E8A9041772904A0025E258 /* imageViewAnimada */ = {
			isa = PBXGroup;
			children = (
				25E8A90D1772904A0025E258 /* AppDelegate.h */,
				25E8A90E1772904A0025E258 /* AppDelegate.m */,
				25E8A9161772904A0025E258 /* ViewController.h */,
				25E8A9171772904A0025E258 /* ViewController.m */,
				25E8A9191772904A0025E258 /* ViewController.xib */,
				25E8A921177291B80025E258 /* Sprites */,
				25E8A9051772904A0025E258 /* Supporting Files */,
			);
			path = imageViewAnimada;
			sourceTree = "<group>";
		};
		25E8A9051772904A0025E258 /* Supporting Files */ = {
			isa = PBXGroup;
			children = (
				25E8A9061772904A0025E258 /* imageViewAnimada-Info.plist */,
				25E8A9071772904A0025E258 /* InfoPlist.strings */,
				25E8A90A1772904A0025E258 /* main.m */,
				25E8A90C1772904A0025E258 /* imageViewAnimada-Prefix.pch */,
				25E8A9101772904A0025E258 /* Default.png */,
				25E8A9121772904A0025E258 /* Default@2x.png */,
				25E8A9141772904A0025E258 /* Default-568h@2x.png */,
			);
			name = "Supporting Files";
			sourceTree = "<group>";
		};
		25E8A921177291B80025E258 /* Sprites */ = {
			isa = PBXGroup;
			children = (
				25E8A922177291B80025E258 /* imagem_0.png */,
				25E8A923177291B80025E258 /* imagem_1.png */,
				25E8A924177291B80025E258 /* imagem_10.png */,
				25E8A925177291B80025E258 /* imagem_11.png */,
				25E8A926177291B80025E258 /* imagem_12.png */,
				25E8A927177291B80025E258 /* imagem_13.png */,
				25E8A928177291B80025E258 /* imagem_14.png */,
				25E8A929177291B80025E258 /* imagem_15.png */,
				25E8A92A177291B80025E258 /* imagem_16.png */,
				25E8A92B177291B80025E258 /* imagem_17.png */,
				25E8A92C177291B80025E258 /* imagem_18.png */,
				25E8A92D177291B80025E258 /* imagem_19.png */,
				25E8A92E177291B80025E258 /* imagem_2.png */,
				25E8A92F177291B80025E258 /* imagem_20.png */,
				25E8A930177291B80025E258 /* imagem_21.png */,
				25E8A931177291B80025E258 /* imagem_22.png */,
				25E8A932177291B80025E258 /* imagem_23.png */,
				25E8A933177291B80025E258 /* imagem_24.png */,
				25E8A934177291B80025E258 /* imagem_25.png */,
				25E8A935177291B80025E258 /* imagem_26.png */,
				25E8A936177291B80025E258 /* imagem_27.png */,
				25E8A937177291B80025E258 /* imagem_28.png */,
				25E8A938177291B80025E258 /* imagem_29.png */,
				25E8A939177291B80025E258 /* imagem_3.png */,
				25E8A93A177291B80025E258 /* imagem_30.png */,
				25E8A93B177291B80025E258 /* imagem_31.png */,
				25E8A93C177291B80025E258 /* imagem_32.png */,
				25E8A93D177291B80025E258 /* imagem_33.png */,
				25E8A93E177291B80025E258 /* imagem_34.png */,
				25E8A93F177291B80025E258 /* imagem_35.png */,
				25E8A940177291B80025E258 /* imagem_36.png */,
				25E8A941177291B80025E258 /* imagem_37.png */,
				25E8A942177291B80025E258 /* imagem_38.png */,
				25E8A943177291B80025E258 /* imagem_39.png */,
				25E8A944177291B80025E258 /* imagem_4.png */,
				25E8A945177291B80025E258 /* imagem_5.png */,
				25E8A946177291B80025E258 /* imagem_6.png */,
				25E8A947177291B80025E258 /* imagem_7.png */,
				25E8A948177291B80025E258 /* imagem_8.png */,
				25E8A949177291B80025E258 /* imagem_9.png */,
			);
			path = Sprites;
			sourceTree = "<group>";
		};
/* End PBXGroup section */

/* Begin PBXNativeTarget section */
		25E8A8FA1772904A0025E258 /* imageViewAnimada */ = {
			isa = PBXNativeTarget;
			buildConfigurationList = 25E8A91E1772904A0025E258 /* Build configuration list for PBXNativeTarget "imageViewAnimada" */;
			buildPhases = (
				25E8A8F71772904A0025E258 /* Sources */,
				25E8A8F81772904A0025E258 /* Frameworks */,
				25E8A8F91772904A0025E258 /* Resources */,
			);
			buildRules = (
			);
			dependencies = (
			);
			name = imageViewAnimada;
			productName = imageViewAnimada;
			productReference = 25E8A8FB1772904A0025E258 /* imageViewAnimada.app */;
			productType = "com.apple.product-type.application";
		};
/* End PBXNativeTarget section */

/* Begin PBXProject section */
		25E8A8F31772904A0025E258 /* Project object */ = {
			isa = PBXProject;
			attributes = {
				LastUpgradeCheck = 0460;
				ORGANIZATIONNAME = BrunoIdeguchi;
			};
			buildConfigurationList = 25E8A8F61772904A0025E258 /* Build configuration list for PBXProject "imageViewAnimada" */;
			compatibilityVersion = "Xcode 3.2";
			developmentRegion = English;
			hasScannedForEncodings = 0;
			knownRegions = (
				en,
			);
			mainGroup = 25E8A8F21772904A0025E258;
			productRefGroup = 25E8A8FC1772904A0025E258 /* Products */;
			projectDirPath = "";
			projectRoot = "";
			targets = (
				25E8A8FA1772904A0025E258 /* imageViewAnimada */,
			);
		};
/* End PBXProject section */

/* Begin PBXResourcesBuildPhase section */
		25E8A8F91772904A0025E258 /* Resources */ = {
			isa = PBXResourcesBuildPhase;
			buildActionMask = 2147483647;
			files = (
				25E8A9091772904A0025E258 /* InfoPlist.strings in Resources */,
				25E8A9111772904A0025E258 /* Default.png in Resources */,
				25E8A9131772904A0025E258 /* Default@2x.png in Resources */,
				25E8A9151772904A0025E258 /* Default-568h@2x.png in Resources */,
				25E8A91B1772904A0025E258 /* ViewController.xib in Resources */,
				25E8A94A177291B80025E258 /* imagem_0.png in Resources */,
				25E8A94B177291B80025E258 /* imagem_1.png in Resources */,
				25E8A94C177291B80025E258 /* imagem_10.png in Resources */,
				25E8A94D177291B80025E258 /* imagem_11.png in Resources */,
				25E8A94E177291B80025E258 /* imagem_12.png in Resources */,
				25E8A94F177291B80025E258 /* imagem_13.png in Resources */,
				25E8A950177291B80025E258 /* imagem_14.png in Resources */,
				25E8A951177291B80025E258 /* imagem_15.png in Resources */,
				25E8A952177291B80025E258 /* imagem_16.png in Resources */,
				25E8A953177291B80025E258 /* imagem_17.png in Resources */,
				25E8A954177291B80025E258 /* imagem_18.png in Resources */,
				25E8A955177291B80025E258 /* imagem_19.png in Resources */,
				25E8A956177291B80025E258 /* imagem_2.png in Resources */,
				25E8A957177291B80025E258 /* imagem_20.png in Resources */,
				25E8A958177291B80025E258 /* imagem_21.png in Resources */,
				25E8A959177291B80025E258 /* imagem_22.png in Resources */,
				25E8A95A177291B80025E258 /* imagem_23.png in Resources */,
				25E8A95B177291B80025E258 /* imagem_24.png in Resources */,
				25E8A95C177291B80025E258 /* imagem_25.png in Resources */,
				25E8A95D177291B80025E258 /* imagem_26.png in Resources */,
				25E8A95E177291B80025E258 /* imagem_27.png in Resources */,
				25E8A95F177291B80025E258 /* imagem_28.png in Resources */,
				25E8A960177291B80025E258 /* imagem_29.png in Resources */,
				25E8A961177291B80025E258 /* imagem_3.png in Resources */,
				25E8A962177291B80025E258 /* imagem_30.png in Resources */,
				25E8A963177291B80025E258 /* imagem_31.png in Resources */,
				25E8A964177291B80025E258 /* imagem_32.png in Resources */,
				25E8A965177291B80025E258 /* imagem_33.png in Resources */,
				25E8A966177291B80025E258 /* imagem_34.png in Resources */,
				25E8A967177291B80025E258 /* imagem_35.png in Resources */,
				25E8A968177291B80025E258 /* imagem_36.png in Resources */,
				25E8A969177291B80025E258 /* imagem_37.png in Resources */,
				25E8A96A177291B80025E258 /* imagem_38.png in Resources */,
				25E8A96B177291B80025E258 /* imagem_39.png in Resources */,
				25E8A96C177291B80025E258 /* imagem_4.png in Resources */,
				25E8A96D177291B80025E258 /* imagem_5.png in Resources */,
				25E8A96E177291B80025E258 /* imagem_6.png in Resources */,
				25E8A96F177291B80025E258 /* imagem_7.png in Resources */,
				25E8A970177291B80025E258 /* imagem_8.png in Resources */,
				25E8A971177291B80025E258 /* imagem_9.png in Resources */,
			);
			runOnlyForDeploymentPostprocessing = 0;
		};
/* End PBXResourcesBuildPhase section */

/* Begin PBXSourcesBuildPhase section */
		25E8A8F71772904A0025E258 /* Sources */ = {
			isa = PBXSourcesBuildPhase;
			buildActionMask = 2147483647;
			files = (
				25E8A90B1772904A0025E258 /* main.m in Sources */,
				25E8A90F1772904A0025E258 /* AppDelegate.m in Sources */,
				25E8A9181772904A0025E258 /* ViewController.m in Sources */,
			);
			runOnlyForDeploymentPostprocessing = 0;
		};
/* End PBXSourcesBuildPhase section */

/* Begin PBXVariantGroup section */
		25E8A9071772904A0025E258 /* InfoPlist.strings */ = {
			isa = PBXVariantGroup;
			children = (
				25E8A9081772904A0025E258 /* en */,
			);
			name = InfoPlist.strings;
			sourceTree = "<group>";
		};
		25E8A9191772904A0025E258 /* ViewController.xib */ = {
			isa = PBXVariantGroup;
			children = (
				25E8A91A1772904A0025E258 /* en */,
			);
			name = ViewController.xib;
			sourceTree = "<group>";
		};
/* End PBXVariantGroup section */

/* Begin XCBuildConfiguration section */
		25E8A91C1772904A0025E258 /* Debug */ = {
			isa = XCBuildConfiguration;
			buildSettings = {
				ALWAYS_SEARCH_USER_PATHS = NO;
				CLANG_CXX_LANGUAGE_STANDARD = "gnu++0x";
				CLANG_CXX_LIBRARY = "libc++";
				CLANG_WARN_CONSTANT_CONVERSION = YES;
				CLANG_WARN_EMPTY_BODY = YES;
				CLANG_WARN_ENUM_CONVERSION = YES;
				CLANG_WARN_INT_CONVERSION = YES;
				CLANG_WARN__DUPLICATE_METHOD_MATCH = YES;
				"CODE_SIGN_IDENTITY[sdk=iphoneos*]" = "iPhone Developer";
				COPY_PHASE_STRIP = NO;
				GCC_C_LANGUAGE_STANDARD = gnu99;
				GCC_DYNAMIC_NO_PIC = NO;
				GCC_OPTIMIZATION_LEVEL = 0;
				GCC_PREPROCESSOR_DEFINITIONS = (
					"DEBUG=1",
					"$(inherited)",
				);
				GCC_SYMBOLS_PRIVATE_EXTERN = NO;
				GCC_WARN_ABOUT_RETURN_TYPE = YES;
				GCC_WARN_UNINITIALIZED_AUTOS = YES;
				GCC_WARN_UNUSED_VARIABLE = YES;
				IPHONEOS_DEPLOYMENT_TARGET = 6.1;
				ONLY_ACTIVE_ARCH = YES;
				SDKROOT = iphoneos;
			};
			name = Debug;
		};
		25E8A91D1772904A0025E258 /* Release */ = {
			isa = XCBuildConfiguration;
			buildSettings = {
				ALWAYS_SEARCH_USER_PATHS = NO;
				CLANG_CXX_LANGUAGE_STANDARD = "gnu++0x";
				CLANG_CXX_LIBRARY = "libc++";
				CLANG_WARN_CONSTANT_CONVERSION = YES;
				CLANG_WARN_EMPTY_BODY = YES;
				CLANG_WARN_ENUM_CONVERSION = YES;
				CLANG_WARN_INT_CONVERSION = YES;
				CLANG_WARN__DUPLICATE_METHOD_MATCH = YES;
				"CODE_SIGN_IDENTITY[sdk=iphoneos*]" = "iPhone Developer";
				COPY_PHASE_STRIP = YES;
				GCC_C_LANGUAGE_STANDARD = gnu99;
				GCC_WARN_ABOUT_RETURN_TYPE = YES;
				GCC_WARN_UNINITIALIZED_AUTOS = YES;
				GCC_WARN_UNUSED_VARIABLE = YES;
				IPHONEOS_DEPLOYMENT_TARGET = 6.1;
				OTHER_CFLAGS = "-DNS_BLOCK_ASSERTIONS=1";
				SDKROOT = iphoneos;
				VALIDATE_PRODUCT = YES;
			};
			name = Release;
		};
		25E8A91F1772904A0025E258 /* Debug */ = {
			isa = XCBuildConfiguration;
			buildSettings = {
				GCC_PRECOMPILE_PREFIX_HEADER = YES;
				GCC_PREFIX_HEADER = "imageViewAnimada/imageViewAnimada-Prefix.pch";
				INFOPLIST_FILE = "imageViewAnimada/imageViewAnimada-Info.plist";
				PRODUCT_NAME = "$(TARGET_NAME)";
				WRAPPER_EXTENSION = app;
			};
			name = Debug;
		};
		25E8A9201772904A0025E258 /* Release */ = {
			isa = XCBuildConfiguration;
			buildSettings = {
				GCC_PRECOMPILE_PREFIX_HEADER = YES;
				GCC_PREFIX_HEADER = "imageViewAnimada/imageViewAnimada-Prefix.pch";
				INFOPLIST_FILE = "imageViewAnimada/imageViewAnimada-Info.plist";
				PRODUCT_NAME = "$(TARGET_NAME)";
				WRAPPER_EXTENSION = app;
			};
			name = Release;
		};
/* End XCBuildConfiguration section */

/* Begin XCConfigurationList section */
		25E8A8F61772904A0025E258 /* Build configuration list for PBXProject "imageViewAnimada" */ = {
			isa = XCConfigurationList;
			buildConfigurations = (
				25E8A91C1772904A0025E258 /* Debug */,
				25E8A91D1772904A0025E258 /* Release */,
			);
			defaultConfigurationIsVisible = 0;
			defaultConfigurationName = Release;
		};
		25E8A91E1772904A0025E258 /* Build configuration list for PBXNativeTarget "imageViewAnimada" */ = {
			isa = XCConfigurationList;
			buildConfigurations = (
				25E8A91F1772904A0025E258 /* Debug */,
				25E8A9201772904A0025E258 /* Release */,
			);
			defaultConfigurationIsVisible = 0;
		};
/* End XCConfigurationList section */
	};
	rootObject = 25E8A8F31772904A0025E258 /* Project object */;
}
