// !$*UTF8*$!
{
	archiveVersion = 1;
	classes = {
	};
	objectVersion = 46;
	objects = {

/* Begin PBXBuildFile section */
		25913905178E3D9C00FA15A2 /* UIKit.framework in Frameworks */ = {isa = PBXBuildFile; fileRef = 25913904178E3D9C00FA15A2 /* UIKit.framework */; };
		25913907178E3D9C00FA15A2 /* Foundation.framework in Frameworks */ = {isa = PBXBuildFile; fileRef = 25913906178E3D9C00FA15A2 /* Foundation.framework */; };
		25913909178E3D9C00FA15A2 /* CoreGraphics.framework in Frameworks */ = {isa = PBXBuildFile; fileRef = 25913908178E3D9C00FA15A2 /* CoreGraphics.framework */; };
		2591390F178E3D9C00FA15A2 /* InfoPlist.strings in Resources */ = {isa = PBXBuildFile; fileRef = 2591390D178E3D9C00FA15A2 /* InfoPlist.strings */; };
		25913911178E3D9C00FA15A2 /* main.m in Sources */ = {isa = PBXBuildFile; fileRef = 25913910178E3D9C00FA15A2 /* main.m */; };
		25913915178E3D9C00FA15A2 /* AppDelegate.m in Sources */ = {isa = PBXBuildFile; fileRef = 25913914178E3D9C00FA15A2 /* AppDelegate.m */; };
		25913917178E3D9C00FA15A2 /* Default.png in Resources */ = {isa = PBXBuildFile; fileRef = 25913916178E3D9C00FA15A2 /* Default.png */; };
		25913919178E3D9C00FA15A2 /* Default@2x.png in Resources */ = {isa = PBXBuildFile; fileRef = 25913918178E3D9C00FA15A2 /* Default@2x.png */; };
		2591391B178E3D9C00FA15A2 /* Default-568h@2x.png in Resources */ = {isa = PBXBuildFile; fileRef = 2591391A178E3D9C00FA15A2 /* Default-568h@2x.png */; };
		2591391E178E3D9C00FA15A2 /* MainStoryboard.storyboard in Resources */ = {isa = PBXBuildFile; fileRef = 2591391C178E3D9C00FA15A2 /* MainStoryboard.storyboard */; };
		25913921178E3D9C00FA15A2 /* ViewController.m in Sources */ = {isa = PBXBuildFile; fileRef = 25913920178E3D9C00FA15A2 /* ViewController.m */; };
/* End PBXBuildFile section */

/* Begin PBXFileReference section */
		25913901178E3D9C00FA15A2 /* desafioEscolheCorColorPicker.app */ = {isa = PBXFileReference; explicitFileType = wrapper.application; includeInIndex = 0; path = desafioEscolheCorColorPicker.app; sourceTree = BUILT_PRODUCTS_DIR; };
		25913904178E3D9C00FA15A2 /* UIKit.framework */ = {isa = PBXFileReference; lastKnownFileType = wrapper.framework; name = UIKit.framework; path = System/Library/Frameworks/UIKit.framework; sourceTree = SDKROOT; };
		25913906178E3D9C00FA15A2 /* Foundation.framework */ = {isa = PBXFileReference; lastKnownFileType = wrapper.framework; name = Foundation.framework; path = System/Library/Frameworks/Foundation.framework; sourceTree = SDKROOT; };
		25913908178E3D9C00FA15A2 /* CoreGraphics.framework */ = {isa = PBXFileReference; lastKnownFileType = wrapper.framework; name = CoreGraphics.framework; path = System/Library/Frameworks/CoreGraphics.framework; sourceTree = SDKROOT; };
		2591390C178E3D9C00FA15A2 /* desafioEscolheCorColorPicker-Info.plist */ = {isa = PBXFileReference; lastKnownFileType = text.plist.xml; path = "desafioEscolheCorColorPicker-Info.plist"; sourceTree = "<group>"; };
		2591390E178E3D9C00FA15A2 /* en */ = {isa = PBXFileReference; lastKnownFileType = text.plist.strings; name = en; path = en.lproj/InfoPlist.strings; sourceTree = "<group>"; };
		25913910178E3D9C00FA15A2 /* main.m */ = {isa = PBXFileReference; lastKnownFileType = sourcecode.c.objc; path = main.m; sourceTree = "<group>"; };
		25913912178E3D9C00FA15A2 /* desafioEscolheCorColorPicker-Prefix.pch */ = {isa = PBXFileReference; lastKnownFileType = sourcecode.c.h; path = "desafioEscolheCorColorPicker-Prefix.pch"; sourceTree = "<group>"; };
		25913913178E3D9C00FA15A2 /* AppDelegate.h */ = {isa = PBXFileReference; lastKnownFileType = sourcecode.c.h; path = AppDelegate.h; sourceTree = "<group>"; };
		25913914178E3D9C00FA15A2 /* AppDelegate.m */ = {isa = PBXFileReference; lastKnownFileType = sourcecode.c.objc; path = AppDelegate.m; sourceTree = "<group>"; };
		25913916178E3D9C00FA15A2 /* Default.png */ = {isa = PBXFileReference; lastKnownFileType = image.png; path = Default.png; sourceTree = "<group>"; };
		25913918178E3D9C00FA15A2 /* Default@2x.png */ = {isa = PBXFileReference; lastKnownFileType = image.png; path = "Default@2x.png"; sourceTree = "<group>"; };
		2591391A178E3D9C00FA15A2 /* Default-568h@2x.png */ = {isa = PBXFileReference; lastKnownFileType = image.png; path = "Default-568h@2x.png"; sourceTree = "<group>"; };
		2591391D178E3D9C00FA15A2 /* en */ = {isa = PBXFileReference; lastKnownFileType = file.storyboard; name = en; path = en.lproj/MainStoryboard.storyboard; sourceTree = "<group>"; };
		2591391F178E3D9C00FA15A2 /* ViewController.h */ = {isa = PBXFileReference; lastKnownFileType = sourcecode.c.h; path = ViewController.h; sourceTree = "<group>"; };
		25913920178E3D9C00FA15A2 /* ViewController.m */ = {isa = PBXFileReference; lastKnownFileType = sourcecode.c.objc; path = ViewController.m; sourceTree = "<group>"; };
/* End PBXFileReference section */

/* Begin PBXFrameworksBuildPhase section */
		259138FE178E3D9C00FA15A2 /* Frameworks */ = {
			isa = PBXFrameworksBuildPhase;
			buildActionMask = 2147483647;
			files = (
				25913905178E3D9C00FA15A2 /* UIKit.framework in Frameworks */,
				25913907178E3D9C00FA15A2 /* Foundation.framework in Frameworks */,
				25913909178E3D9C00FA15A2 /* CoreGraphics.framework in Frameworks */,
			);
			runOnlyForDeploymentPostprocessing = 0;
		};
/* End PBXFrameworksBuildPhase section */

/* Begin PBXGroup section */
		259138F8178E3D9C00FA15A2 = {
			isa = PBXGroup;
			children = (
				2591390A178E3D9C00FA15A2 /* desafioEscolheCorColorPicker */,
				25913903178E3D9C00FA15A2 /* Frameworks */,
				25913902178E3D9C00FA15A2 /* Products */,
			);
			sourceTree = "<group>";
		};
		25913902178E3D9C00FA15A2 /* Products */ = {
			isa = PBXGroup;
			children = (
				25913901178E3D9C00FA15A2 /* desafioEscolheCorColorPicker.app */,
			);
			name = Products;
			sourceTree = "<group>";
		};
		25913903178E3D9C00FA15A2 /* Frameworks */ = {
			isa = PBXGroup;
			children = (
				25913904178E3D9C00FA15A2 /* UIKit.framework */,
				25913906178E3D9C00FA15A2 /* Foundation.framework */,
				25913908178E3D9C00FA15A2 /* CoreGraphics.framework */,
			);
			name = Frameworks;
			sourceTree = "<group>";
		};
		2591390A178E3D9C00FA15A2 /* desafioEscolheCorColorPicker */ = {
			isa = PBXGroup;
			children = (
				25913913178E3D9C00FA15A2 /* AppDelegate.h */,
				25913914178E3D9C00FA15A2 /* AppDelegate.m */,
				2591391C178E3D9C00FA15A2 /* MainStoryboard.storyboard */,
				2591391F178E3D9C00FA15A2 /* ViewController.h */,
				25913920178E3D9C00FA15A2 /* ViewController.m */,
				2591390B178E3D9C00FA15A2 /* Supporting Files */,
			);
			path = desafioEscolheCorColorPicker;
			sourceTree = "<group>";
		};
		2591390B178E3D9C00FA15A2 /* Supporting Files */ = {
			isa = PBXGroup;
			children = (
				2591390C178E3D9C00FA15A2 /* desafioEscolheCorColorPicker-Info.plist */,
				2591390D178E3D9C00FA15A2 /* InfoPlist.strings */,
				25913910178E3D9C00FA15A2 /* main.m */,
				25913912178E3D9C00FA15A2 /* desafioEscolheCorColorPicker-Prefix.pch */,
				25913916178E3D9C00FA15A2 /* Default.png */,
				25913918178E3D9C00FA15A2 /* Default@2x.png */,
				2591391A178E3D9C00FA15A2 /* Default-568h@2x.png */,
			);
			name = "Supporting Files";
			sourceTree = "<group>";
		};
/* End PBXGroup section */

/* Begin PBXNativeTarget section */
		25913900178E3D9C00FA15A2 /* desafioEscolheCorColorPicker */ = {
			isa = PBXNativeTarget;
			buildConfigurationList = 25913924178E3D9C00FA15A2 /* Build configuration list for PBXNativeTarget "desafioEscolheCorColorPicker" */;
			buildPhases = (
				259138FD178E3D9C00FA15A2 /* Sources */,
				259138FE178E3D9C00FA15A2 /* Frameworks */,
				259138FF178E3D9C00FA15A2 /* Resources */,
			);
			buildRules = (
			);
			dependencies = (
			);
			name = desafioEscolheCorColorPicker;
			productName = desafioEscolheCorColorPicker;
			productReference = 25913901178E3D9C00FA15A2 /* desafioEscolheCorColorPicker.app */;
			productType = "com.apple.product-type.application";
		};
/* End PBXNativeTarget section */

/* Begin PBXProject section */
		259138F9178E3D9C00FA15A2 /* Project object */ = {
			isa = PBXProject;
			attributes = {
				LastUpgradeCheck = 0460;
				ORGANIZATIONNAME = BrunoIdeguchi;
			};
			buildConfigurationList = 259138FC178E3D9C00FA15A2 /* Build configuration list for PBXProject "desafioEscolheCorColorPicker" */;
			compatibilityVersion = "Xcode 3.2";
			developmentRegion = English;
			hasScannedForEncodings = 0;
			knownRegions = (
				en,
			);
			mainGroup = 259138F8178E3D9C00FA15A2;
			productRefGroup = 25913902178E3D9C00FA15A2 /* Products */;
			projectDirPath = "";
			projectRoot = "";
			targets = (
				25913900178E3D9C00FA15A2 /* desafioEscolheCorColorPicker */,
			);
		};
/* End PBXProject section */

/* Begin PBXResourcesBuildPhase section */
		259138FF178E3D9C00FA15A2 /* Resources */ = {
			isa = PBXResourcesBuildPhase;
			buildActionMask = 2147483647;
			files = (
				2591390F178E3D9C00FA15A2 /* InfoPlist.strings in Resources */,
				25913917178E3D9C00FA15A2 /* Default.png in Resources */,
				25913919178E3D9C00FA15A2 /* Default@2x.png in Resources */,
				2591391B178E3D9C00FA15A2 /* Default-568h@2x.png in Resources */,
				2591391E178E3D9C00FA15A2 /* MainStoryboard.storyboard in Resources */,
			);
			runOnlyForDeploymentPostprocessing = 0;
		};
/* End PBXResourcesBuildPhase section */

/* Begin PBXSourcesBuildPhase section */
		259138FD178E3D9C00FA15A2 /* Sources */ = {
			isa = PBXSourcesBuildPhase;
			buildActionMask = 2147483647;
			files = (
				25913911178E3D9C00FA15A2 /* main.m in Sources */,
				25913915178E3D9C00FA15A2 /* AppDelegate.m in Sources */,
				25913921178E3D9C00FA15A2 /* ViewController.m in Sources */,
			);
			runOnlyForDeploymentPostprocessing = 0;
		};
/* End PBXSourcesBuildPhase section */

/* Begin PBXVariantGroup section */
		2591390D178E3D9C00FA15A2 /* InfoPlist.strings */ = {
			isa = PBXVariantGroup;
			children = (
				2591390E178E3D9C00FA15A2 /* en */,
			);
			name = InfoPlist.strings;
			sourceTree = "<group>";
		};
		2591391C178E3D9C00FA15A2 /* MainStoryboard.storyboard */ = {
			isa = PBXVariantGroup;
			children = (
				2591391D178E3D9C00FA15A2 /* en */,
			);
			name = MainStoryboard.storyboard;
			sourceTree = "<group>";
		};
/* End PBXVariantGroup section */

/* Begin XCBuildConfiguration section */
		25913922178E3D9C00FA15A2 /* Debug */ = {
			isa = XCBuildConfiguration;
			buildSettings = {
				ALWAYS_SEARCH_USER_PATHS = NO;
				CLANG_CXX_LANGUAGE_STANDARD = "gnu++0x";
				CLANG_CXX_LIBRARY = "libc++";
				CLANG_ENABLE_OBJC_ARC = YES;
				CLANG_WARN_CONSTANT_CONVERSION = YES;
				CLANG_WARN_EMPTY_BODY = YES;
				CLANG_WARN_ENUM_CONVERSION = YES;
				CLANG_WARN_INT_CONVERSION = YES;
				CLANG_WARN__DUPLICATE_METHOD_MATCH = YES;
				"CODE_SIGN_IDENTITY[sdk=iphoneos*]" = "iPhone Developer";
				COPY_PHASE_STRIP = NO;
				GCC_C_LANGUAGE_STANDARD = gnu99;
				GCC_DYNAMIC_NO_PIC = NO;
				GCC_OPTIMIZATION_LEVEL = 0;
				GCC_PREPROCESSOR_DEFINITIONS = (
					"DEBUG=1",
					"$(inherited)",
				);
				GCC_SYMBOLS_PRIVATE_EXTERN = NO;
				GCC_WARN_ABOUT_RETURN_TYPE = YES;
				GCC_WARN_UNINITIALIZED_AUTOS = YES;
				GCC_WARN_UNUSED_VARIABLE = YES;
				IPHONEOS_DEPLOYMENT_TARGET = 6.1;
				ONLY_ACTIVE_ARCH = YES;
				SDKROOT = iphoneos;
			};
			name = Debug;
		};
		25913923178E3D9C00FA15A2 /* Release */ = {
			isa = XCBuildConfiguration;
			buildSettings = {
				ALWAYS_SEARCH_USER_PATHS = NO;
				CLANG_CXX_LANGUAGE_STANDARD = "gnu++0x";
				CLANG_CXX_LIBRARY = "libc++";
				CLANG_ENABLE_OBJC_ARC = YES;
				CLANG_WARN_CONSTANT_CONVERSION = YES;
				CLANG_WARN_EMPTY_BODY = YES;
				CLANG_WARN_ENUM_CONVERSION = YES;
				CLANG_WARN_INT_CONVERSION = YES;
				CLANG_WARN__DUPLICATE_METHOD_MATCH = YES;
				"CODE_SIGN_IDENTITY[sdk=iphoneos*]" = "iPhone Developer";
				COPY_PHASE_STRIP = YES;
				GCC_C_LANGUAGE_STANDARD = gnu99;
				GCC_WARN_ABOUT_RETURN_TYPE = YES;
				GCC_WARN_UNINITIALIZED_AUTOS = YES;
				GCC_WARN_UNUSED_VARIABLE = YES;
				IPHONEOS_DEPLOYMENT_TARGET = 6.1;
				OTHER_CFLAGS = "-DNS_BLOCK_ASSERTIONS=1";
				SDKROOT = iphoneos;
				VALIDATE_PRODUCT = YES;
			};
			name = Release;
		};
		25913925178E3D9C00FA15A2 /* Debug */ = {
			isa = XCBuildConfiguration;
			buildSettings = {
				GCC_PRECOMPILE_PREFIX_HEADER = YES;
				GCC_PREFIX_HEADER = "desafioEscolheCorColorPicker/desafioEscolheCorColorPicker-Prefix.pch";
				INFOPLIST_FILE = "desafioEscolheCorColorPicker/desafioEscolheCorColorPicker-Info.plist";
				PRODUCT_NAME = "$(TARGET_NAME)";
				WRAPPER_EXTENSION = app;
			};
			name = Debug;
		};
		25913926178E3D9C00FA15A2 /* Release */ = {
			isa = XCBuildConfiguration;
			buildSettings = {
				GCC_PRECOMPILE_PREFIX_HEADER = YES;
				GCC_PREFIX_HEADER = "desafioEscolheCorColorPicker/desafioEscolheCorColorPicker-Prefix.pch";
				INFOPLIST_FILE = "desafioEscolheCorColorPicker/desafioEscolheCorColorPicker-Info.plist";
				PRODUCT_NAME = "$(TARGET_NAME)";
				WRAPPER_EXTENSION = app;
			};
			name = Release;
		};
/* End XCBuildConfiguration section */

/* Begin XCConfigurationList section */
		259138FC178E3D9C00FA15A2 /* Build configuration list for PBXProject "desafioEscolheCorColorPicker" */ = {
			isa = XCConfigurationList;
			buildConfigurations = (
				25913922178E3D9C00FA15A2 /* Debug */,
				25913923178E3D9C00FA15A2 /* Release */,
			);
			defaultConfigurationIsVisible = 0;
			defaultConfigurationName = Release;
		};
		25913924178E3D9C00FA15A2 /* Build configuration list for PBXNativeTarget "desafioEscolheCorColorPicker" */ = {
			isa = XCConfigurationList;
			buildConfigurations = (
				25913925178E3D9C00FA15A2 /* Debug */,
				25913926178E3D9C00FA15A2 /* Release */,
			);
			defaultConfigurationIsVisible = 0;
		};
/* End XCConfigurationList section */
	};
	rootObject = 259138F9178E3D9C00FA15A2 /* Project object */;
}
